PODS:
  - Highlightr (2.1.0)
  - SwiftLint (0.43.1)

DEPENDENCIES:
  - Highlightr (~> 2.1.0)
  - SwiftLint (~> 0.43.1)

SPEC REPOS:
  trunk:
    - Highlightr
    - SwiftLint

SPEC CHECKSUMS:
  Highlightr: 595f3e100737c8de41113385da8bd0b5b65212c6
  SwiftLint: 99f82d07b837b942dd563c668de129a03fc3fb52

PODFILE CHECKSUM: 10e5b4e5246fe73bd1711bc39743fba59b4ede7b

COCOAPODS: 1.10.0
