// !$*UTF8*$!
{
	archiveVersion = 1;
	classes = {
	};
	objectVersion = 48;
	objects = {

/* Begin PBXBuildFile section */
		7B4B5EAE201B87A10098712B /* AppDelegate.swift in Sources */ = {isa = PBXBuildFile; fileRef = 7B4B5EAD201B87A10098712B /* AppDelegate.swift */; };
		7B4B5EB0201B87A10098712B /* Assets.xcassets in Resources */ = {isa = PBXBuildFile; fileRef = 7B4B5EAF201B87A10098712B /* Assets.xcassets */; };
		7B4B5EB3201B87A10098712B /* MainMenu.xib in Resources */ = {isa = PBXBuildFile; fileRef = 7B4B5EB1201B87A10098712B /* MainMenu.xib */; };
		7B4B5EBD201B8C670098712B /* MainWindowController.swift in Sources */ = {isa = PBXBuildFile; fileRef = 7B4B5EBB201B8C670098712B /* MainWindowController.swift */; };
		7B4B5EBE201B8C670098712B /* MainWindowController.xib in Resources */ = {isa = PBXBuildFile; fileRef = 7B4B5EBC201B8C670098712B /* MainWindowController.xib */; };
		7B4B5EC1201B8DB00098712B /* MainViewController.swift in Sources */ = {isa = PBXBuildFile; fileRef = 7B4B5EBF201B8DB00098712B /* MainViewController.swift */; };
		7B4B5EC2201B8DB00098712B /* MainViewController.xib in Resources */ = {isa = PBXBuildFile; fileRef = 7B4B5EC0201B8DB00098712B /* MainViewController.xib */; };
		7B7013E2202632E1008135CC /* YWJsonParserUtils.swift in Sources */ = {isa = PBXBuildFile; fileRef = 7B7013E1202632E0008135CC /* YWJsonParserUtils.swift */; };
		7B7013E420265995008135CC /* YWPropertyStrUtils.swift in Sources */ = {isa = PBXBuildFile; fileRef = 7B7013E320265995008135CC /* YWPropertyStrUtils.swift */; };
		7BCD48AD201D83E7002D46EE /* YWCommon.swift in Sources */ = {isa = PBXBuildFile; fileRef = 7BCD48AC201D83E7002D46EE /* YWCommon.swift */; };
		7BCD48B0201DB531002D46EE /* String+Extension.swift in Sources */ = {isa = PBXBuildFile; fileRef = 7BCD48AF201DB531002D46EE /* String+Extension.swift */; };
/* End PBXBuildFile section */

/* Begin PBXFileReference section */
		7B4B5EAA201B87A10098712B /* YWJsonModelConverter.app */ = {isa = PBXFileReference; explicitFileType = wrapper.application; includeInIndex = 0; path = YWJsonModelConverter.app; sourceTree = BUILT_PRODUCTS_DIR; };
		7B4B5EAD201B87A10098712B /* AppDelegate.swift */ = {isa = PBXFileReference; lastKnownFileType = sourcecode.swift; path = AppDelegate.swift; sourceTree = "<group>"; };
		7B4B5EAF201B87A10098712B /* Assets.xcassets */ = {isa = PBXFileReference; lastKnownFileType = folder.assetcatalog; path = Assets.xcassets; sourceTree = "<group>"; };
		7B4B5EB2201B87A10098712B /* Base */ = {isa = PBXFileReference; lastKnownFileType = file.xib; name = Base; path = Base.lproj/MainMenu.xib; sourceTree = "<group>"; };
		7B4B5EB4201B87A10098712B /* Info.plist */ = {isa = PBXFileReference; lastKnownFileType = text.plist.xml; path = Info.plist; sourceTree = "<group>"; };
		7B4B5EB5201B87A10098712B /* YWJsonModelConverter.entitlements */ = {isa = PBXFileReference; lastKnownFileType = text.plist.entitlements; path = YWJsonModelConverter.entitlements; sourceTree = "<group>"; };
		7B4B5EBB201B8C670098712B /* MainWindowController.swift */ = {isa = PBXFileReference; lastKnownFileType = sourcecode.swift; path = MainWindowController.swift; sourceTree = "<group>"; };
		7B4B5EBC201B8C670098712B /* MainWindowController.xib */ = {isa = PBXFileReference; lastKnownFileType = file.xib; path = MainWindowController.xib; sourceTree = "<group>"; };
		7B4B5EBF201B8DB00098712B /* MainViewController.swift */ = {isa = PBXFileReference; lastKnownFileType = sourcecode.swift; path = MainViewController.swift; sourceTree = "<group>"; };
		7B4B5EC0201B8DB00098712B /* MainViewController.xib */ = {isa = PBXFileReference; lastKnownFileType = file.xib; path = MainViewController.xib; sourceTree = "<group>"; };
		7B7013E1202632E0008135CC /* YWJsonParserUtils.swift */ = {isa = PBXFileReference; fileEncoding = 4; lastKnownFileType = sourcecode.swift; path = YWJsonParserUtils.swift; sourceTree = "<group>"; };
		7B7013E320265995008135CC /* YWPropertyStrUtils.swift */ = {isa = PBXFileReference; lastKnownFileType = sourcecode.swift; path = YWPropertyStrUtils.swift; sourceTree = "<group>"; };
		7BCD48AC201D83E7002D46EE /* YWCommon.swift */ = {isa = PBXFileReference; lastKnownFileType = sourcecode.swift; path = YWCommon.swift; sourceTree = "<group>"; };
		7BCD48AF201DB531002D46EE /* String+Extension.swift */ = {isa = PBXFileReference; lastKnownFileType = sourcecode.swift; path = "String+Extension.swift"; sourceTree = "<group>"; };
/* End PBXFileReference section */

/* Begin PBXFrameworksBuildPhase section */
		7B4B5EA7201B87A10098712B /* Frameworks */ = {
			isa = PBXFrameworksBuildPhase;
			buildActionMask = 2147483647;
			files = (
			);
			runOnlyForDeploymentPostprocessing = 0;
		};
/* End PBXFrameworksBuildPhase section */

/* Begin PBXGroup section */
		7B4B5EA1201B87A10098712B = {
			isa = PBXGroup;
			children = (
				7B4B5EAC201B87A10098712B /* YWJsonModelConverter */,
				7B4B5EAB201B87A10098712B /* Products */,
			);
			sourceTree = "<group>";
		};
		7B4B5EAB201B87A10098712B /* Products */ = {
			isa = PBXGroup;
			children = (
				7B4B5EAA201B87A10098712B /* YWJsonModelConverter.app */,
			);
			name = Products;
			sourceTree = "<group>";
		};
		7B4B5EAC201B87A10098712B /* YWJsonModelConverter */ = {
			isa = PBXGroup;
			children = (
				7B4B5EAD201B87A10098712B /* AppDelegate.swift */,
				7B4B5EC5201B8ED90098712B /* Classes */,
				7B4B5EC3201B8E530098712B /* Supporting Files */,
			);
			path = YWJsonModelConverter;
			sourceTree = "<group>";
		};
		7B4B5EC3201B8E530098712B /* Supporting Files */ = {
			isa = PBXGroup;
			children = (
				7B4B5EB1201B87A10098712B /* MainMenu.xib */,
				7B4B5EB5201B87A10098712B /* YWJsonModelConverter.entitlements */,
				7B4B5EB4201B87A10098712B /* Info.plist */,
				7B4B5EAF201B87A10098712B /* Assets.xcassets */,
			);
			name = "Supporting Files";
			sourceTree = "<group>";
		};
		7B4B5EC5201B8ED90098712B /* Classes */ = {
			isa = PBXGroup;
			children = (
				7B4B5EC6201B8EFA0098712B /* Main */,
				7BCD48AE201DB509002D46EE /* Vendor */,
			);
			path = Classes;
			sourceTree = "<group>";
		};
		7B4B5EC6201B8EFA0098712B /* Main */ = {
			isa = PBXGroup;
			children = (
				7B4B5EBB201B8C670098712B /* MainWindowController.swift */,
				7B4B5EBC201B8C670098712B /* MainWindowController.xib */,
				7B4B5EBF201B8DB00098712B /* MainViewController.swift */,
				7B4B5EC0201B8DB00098712B /* MainViewController.xib */,
				7BCD48AC201D83E7002D46EE /* YWCommon.swift */,
				7B7013E1202632E0008135CC /* YWJsonParserUtils.swift */,
				7B7013E320265995008135CC /* YWPropertyStrUtils.swift */,
			);
			path = Main;
			sourceTree = "<group>";
		};
		7BCD48AE201DB509002D46EE /* Vendor */ = {
			isa = PBXGroup;
			children = (
				7BCD48AF201DB531002D46EE /* String+Extension.swift */,
			);
			path = Vendor;
			sourceTree = "<group>";
		};
/* End PBXGroup section */

/* Begin PBXNativeTarget section */
		7B4B5EA9201B87A10098712B /* YWJsonModelConverter */ = {
			isa = PBXNativeTarget;
			buildConfigurationList = 7B4B5EB8201B87A10098712B /* Build configuration list for PBXNativeTarget "YWJsonModelConverter" */;
			buildPhases = (
				7B4B5EA6201B87A10098712B /* Sources */,
				7B4B5EA7201B87A10098712B /* Frameworks */,
				7B4B5EA8201B87A10098712B /* Resources */,
			);
			buildRules = (
			);
			dependencies = (
			);
			name = YWJsonModelConverter;
			productName = YWJsonModelConverter;
			productReference = 7B4B5EAA201B87A10098712B /* YWJsonModelConverter.app */;
			productType = "com.apple.product-type.application";
		};
/* End PBXNativeTarget section */

/* Begin PBXProject section */
		7B4B5EA2201B87A10098712B /* Project object */ = {
			isa = PBXProject;
			attributes = {
				LastSwiftUpdateCheck = 0920;
				LastUpgradeCheck = 0920;
				ORGANIZATIONNAME = "姚巍";
				TargetAttributes = {
					7B4B5EA9201B87A10098712B = {
						CreatedOnToolsVersion = 9.2;
						ProvisioningStyle = Automatic;
						SystemCapabilities = {
							com.apple.Sandbox = {
								enabled = 1;
							};
						};
					};
				};
			};
			buildConfigurationList = 7B4B5EA5201B87A10098712B /* Build configuration list for PBXProject "YWJsonModelConverter" */;
			compatibilityVersion = "Xcode 8.0";
			developmentRegion = en;
			hasScannedForEncodings = 0;
			knownRegions = (
				en,
				Base,
			);
			mainGroup = 7B4B5EA1201B87A10098712B;
			productRefGroup = 7B4B5EAB201B87A10098712B /* Products */;
			projectDirPath = "";
			projectRoot = "";
			targets = (
				7B4B5EA9201B87A10098712B /* YWJsonModelConverter */,
			);
		};
/* End PBXProject section */

/* Begin PBXResourcesBuildPhase section */
		7B4B5EA8201B87A10098712B /* Resources */ = {
			isa = PBXResourcesBuildPhase;
			buildActionMask = 2147483647;
			files = (
				7B4B5EB0201B87A10098712B /* Assets.xcassets in Resources */,
				7B4B5EBE201B8C670098712B /* MainWindowController.xib in Resources */,
				7B4B5EB3201B87A10098712B /* MainMenu.xib in Resources */,
				7B4B5EC2201B8DB00098712B /* MainViewController.xib in Resources */,
			);
			runOnlyForDeploymentPostprocessing = 0;
		};
/* End PBXResourcesBuildPhase section */

/* Begin PBXSourcesBuildPhase section */
		7B4B5EA6201B87A10098712B /* Sources */ = {
			isa = PBXSourcesBuildPhase;
			buildActionMask = 2147483647;
			files = (
				7B7013E2202632E1008135CC /* YWJsonParserUtils.swift in Sources */,
				7B7013E420265995008135CC /* YWPropertyStrUtils.swift in Sources */,
				7B4B5EC1201B8DB00098712B /* MainViewController.swift in Sources */,
				7B4B5EBD201B8C670098712B /* MainWindowController.swift in Sources */,
				7BCD48AD201D83E7002D46EE /* YWCommon.swift in Sources */,
				7BCD48B0201DB531002D46EE /* String+Extension.swift in Sources */,
				7B4B5EAE201B87A10098712B /* AppDelegate.swift in Sources */,
			);
			runOnlyForDeploymentPostprocessing = 0;
		};
/* End PBXSourcesBuildPhase section */

/* Begin PBXVariantGroup section */
		7B4B5EB1201B87A10098712B /* MainMenu.xib */ = {
			isa = PBXVariantGroup;
			children = (
				7B4B5EB2201B87A10098712B /* Base */,
			);
			name = MainMenu.xib;
			sourceTree = "<group>";
		};
/* End PBXVariantGroup section */

/* Begin XCBuildConfiguration section */
		7B4B5EB6201B87A10098712B /* Debug */ = {
			isa = XCBuildConfiguration;
			buildSettings = {
				ALWAYS_SEARCH_USER_PATHS = NO;
				CLANG_ANALYZER_NONNULL = YES;
				CLANG_ANALYZER_NUMBER_OBJECT_CONVERSION = YES_AGGRESSIVE;
				CLANG_CXX_LANGUAGE_STANDARD = "gnu++14";
				CLANG_CXX_LIBRARY = "libc++";
				CLANG_ENABLE_MODULES = YES;
				CLANG_ENABLE_OBJC_ARC = YES;
				CLANG_WARN_BLOCK_CAPTURE_AUTORELEASING = YES;
				CLANG_WARN_BOOL_CONVERSION = YES;
				CLANG_WARN_COMMA = YES;
				CLANG_WARN_CONSTANT_CONVERSION = YES;
				CLANG_WARN_DIRECT_OBJC_ISA_USAGE = YES_ERROR;
				CLANG_WARN_DOCUMENTATION_COMMENTS = YES;
				CLANG_WARN_EMPTY_BODY = YES;
				CLANG_WARN_ENUM_CONVERSION = YES;
				CLANG_WARN_INFINITE_RECURSION = YES;
				CLANG_WARN_INT_CONVERSION = YES;
				CLANG_WARN_NON_LITERAL_NULL_CONVERSION = YES;
				CLANG_WARN_OBJC_LITERAL_CONVERSION = YES;
				CLANG_WARN_OBJC_ROOT_CLASS = YES_ERROR;
				CLANG_WARN_RANGE_LOOP_ANALYSIS = YES;
				CLANG_WARN_STRICT_PROTOTYPES = YES;
				CLANG_WARN_SUSPICIOUS_MOVE = YES;
				CLANG_WARN_UNGUARDED_AVAILABILITY = YES_AGGRESSIVE;
				CLANG_WARN_UNREACHABLE_CODE = YES;
				CLANG_WARN__DUPLICATE_METHOD_MATCH = YES;
				CODE_SIGN_IDENTITY = "Mac Developer";
				COPY_PHASE_STRIP = NO;
				DEBUG_INFORMATION_FORMAT = dwarf;
				ENABLE_STRICT_OBJC_MSGSEND = YES;
				ENABLE_TESTABILITY = YES;
				GCC_C_LANGUAGE_STANDARD = gnu11;
				GCC_DYNAMIC_NO_PIC = NO;
				GCC_NO_COMMON_BLOCKS = YES;
				GCC_OPTIMIZATION_LEVEL = 0;
				GCC_PREPROCESSOR_DEFINITIONS = (
					"DEBUG=1",
					"$(inherited)",
				);
				GCC_WARN_64_TO_32_BIT_CONVERSION = YES;
				GCC_WARN_ABOUT_RETURN_TYPE = YES_ERROR;
				GCC_WARN_UNDECLARED_SELECTOR = YES;
				GCC_WARN_UNINITIALIZED_AUTOS = YES_AGGRESSIVE;
				GCC_WARN_UNUSED_FUNCTION = YES;
				GCC_WARN_UNUSED_VARIABLE = YES;
				MACOSX_DEPLOYMENT_TARGET = 10.13;
				MTL_ENABLE_DEBUG_INFO = YES;
				ONLY_ACTIVE_ARCH = YES;
				SDKROOT = macosx;
				SWIFT_ACTIVE_COMPILATION_CONDITIONS = DEBUG;
				SWIFT_OPTIMIZATION_LEVEL = "-Onone";
			};
			name = Debug;
		};
		7B4B5EB7201B87A10098712B /* Release */ = {
			isa = XCBuildConfiguration;
			buildSettings = {
				ALWAYS_SEARCH_USER_PATHS = NO;
				CLANG_ANALYZER_NONNULL = YES;
				CLANG_ANALYZER_NUMBER_OBJECT_CONVERSION = YES_AGGRESSIVE;
				CLANG_CXX_LANGUAGE_STANDARD = "gnu++14";
				CLANG_CXX_LIBRARY = "libc++";
				CLANG_ENABLE_MODULES = YES;
				CLANG_ENABLE_OBJC_ARC = YES;
				CLANG_WARN_BLOCK_CAPTURE_AUTORELEASING = YES;
				CLANG_WARN_BOOL_CONVERSION = YES;
				CLANG_WARN_COMMA = YES;
				CLANG_WARN_CONSTANT_CONVERSION = YES;
				CLANG_WARN_DIRECT_OBJC_ISA_USAGE = YES_ERROR;
				CLANG_WARN_DOCUMENTATION_COMMENTS = YES;
				CLANG_WARN_EMPTY_BODY = YES;
				CLANG_WARN_ENUM_CONVERSION = YES;
				CLANG_WARN_INFINITE_RECURSION = YES;
				CLANG_WARN_INT_CONVERSION = YES;
				CLANG_WARN_NON_LITERAL_NULL_CONVERSION = YES;
				CLANG_WARN_OBJC_LITERAL_CONVERSION = YES;
				CLANG_WARN_OBJC_ROOT_CLASS = YES_ERROR;
				CLANG_WARN_RANGE_LOOP_ANALYSIS = YES;
				CLANG_WARN_STRICT_PROTOTYPES = YES;
				CLANG_WARN_SUSPICIOUS_MOVE = YES;
				CLANG_WARN_UNGUARDED_AVAILABILITY = YES_AGGRESSIVE;
				CLANG_WARN_UNREACHABLE_CODE = YES;
				CLANG_WARN__DUPLICATE_METHOD_MATCH = YES;
				CODE_SIGN_IDENTITY = "Mac Developer";
				COPY_PHASE_STRIP = NO;
				DEBUG_INFORMATION_FORMAT = "dwarf-with-dsym";
				ENABLE_NS_ASSERTIONS = NO;
				ENABLE_STRICT_OBJC_MSGSEND = YES;
				GCC_C_LANGUAGE_STANDARD = gnu11;
				GCC_NO_COMMON_BLOCKS = YES;
				GCC_WARN_64_TO_32_BIT_CONVERSION = YES;
				GCC_WARN_ABOUT_RETURN_TYPE = YES_ERROR;
				GCC_WARN_UNDECLARED_SELECTOR = YES;
				GCC_WARN_UNINITIALIZED_AUTOS = YES_AGGRESSIVE;
				GCC_WARN_UNUSED_FUNCTION = YES;
				GCC_WARN_UNUSED_VARIABLE = YES;
				MACOSX_DEPLOYMENT_TARGET = 10.13;
				MTL_ENABLE_DEBUG_INFO = NO;
				SDKROOT = macosx;
				SWIFT_OPTIMIZATION_LEVEL = "-Owholemodule";
			};
			name = Release;
		};
		7B4B5EB9201B87A10098712B /* Debug */ = {
			isa = XCBuildConfiguration;
			buildSettings = {
				ASSETCATALOG_COMPILER_APPICON_NAME = AppIcon;
				CODE_SIGN_ENTITLEMENTS = YWJsonModelConverter/YWJsonModelConverter.entitlements;
				CODE_SIGN_STYLE = Automatic;
				COMBINE_HIDPI_IMAGES = YES;
				DEVELOPMENT_TEAM = UA5HV76FRQ;
				INFOPLIST_FILE = YWJsonModelConverter/Info.plist;
				LD_RUNPATH_SEARCH_PATHS = "$(inherited) @executable_path/../Frameworks";
				MACOSX_DEPLOYMENT_TARGET = 10.10;
				PRODUCT_BUNDLE_IDENTIFIER = com.devyao.YWJsonModelConverter;
				PRODUCT_NAME = "$(TARGET_NAME)";
				SWIFT_VERSION = 4.0;
			};
			name = Debug;
		};
		7B4B5EBA201B87A10098712B /* Release */ = {
			isa = XCBuildConfiguration;
			buildSettings = {
				ASSETCATALOG_COMPILER_APPICON_NAME = AppIcon;
				CODE_SIGN_ENTITLEMENTS = YWJsonModelConverter/YWJsonModelConverter.entitlements;
				CODE_SIGN_STYLE = Automatic;
				COMBINE_HIDPI_IMAGES = YES;
				DEVELOPMENT_TEAM = UA5HV76FRQ;
				INFOPLIST_FILE = YWJsonModelConverter/Info.plist;
				LD_RUNPATH_SEARCH_PATHS = "$(inherited) @executable_path/../Frameworks";
				MACOSX_DEPLOYMENT_TARGET = 10.10;
				PRODUCT_BUNDLE_IDENTIFIER = com.devyao.YWJsonModelConverter;
				PRODUCT_NAME = "$(TARGET_NAME)";
				SWIFT_VERSION = 4.0;
			};
			name = Release;
		};
/* End XCBuildConfiguration section */

/* Begin XCConfigurationList section */
		7B4B5EA5201B87A10098712B /* Build configuration list for PBXProject "YWJsonModelConverter" */ = {
			isa = XCConfigurationList;
			buildConfigurations = (
				7B4B5EB6201B87A10098712B /* Debug */,
				7B4B5EB7201B87A10098712B /* Release */,
			);
			defaultConfigurationIsVisible = 0;
			defaultConfigurationName = Release;
		};
		7B4B5EB8201B87A10098712B /* Build configuration list for PBXNativeTarget "YWJsonModelConverter" */ = {
			isa = XCConfigurationList;
			buildConfigurations = (
				7B4B5EB9201B87A10098712B /* Debug */,
				7B4B5EBA201B87A10098712B /* Release */,
			);
			defaultConfigurationIsVisible = 0;
			defaultConfigurationName = Release;
		};
/* End XCConfigurationList section */
	};
	rootObject = 7B4B5EA2201B87A10098712B /* Project object */;
}
