// !$*UTF8*$!
{
	archiveVersion = 1;
	classes = {
	};
	objectVersion = 48;
	objects = {

/* Begin PBXBuildFile section */
		72F882CB3902A83D2B2B87B7 /* Pods_JSONConverter.framework in Frameworks */ = {isa = PBXBuildFile; fileRef = 0A1B06A2A6658E22A04ECD66 /* Pods_JSONConverter.framework */; };
		7B2D34F922E6072B009D2ED2 /* wechat.jpeg in Resources */ = {isa = PBXBuildFile; fileRef = 7B2D34F822E6072A009D2ED2 /* wechat.jpeg */; };
		7B2E9EEB2760F3B000151B99 /* BuilderProtocol.swift in Sources */ = {isa = PBXBuildFile; fileRef = 7B2E9EEA2760F3B000151B99 /* BuilderProtocol.swift */; };
		7B2E9EED2760FA3300151B99 /* ObjCBuilder.swift in Sources */ = {isa = PBXBuildFile; fileRef = 7B2E9EEC2760FA3300151B99 /* ObjCBuilder.swift */; };
		7B2E9EF02761062D00151B99 /* SwiftBuilder.swift in Sources */ = {isa = PBXBuildFile; fileRef = 7B2E9EEF2761062D00151B99 /* SwiftBuilder.swift */; };
		7B45DAFE202A95BF007E8D56 /* JSONProcesser.swift in Sources */ = {isa = PBXBuildFile; fileRef = 7B45DAEC202A95BE007E8D56 /* JSONProcesser.swift */; };
		7B45DAFF202A95BF007E8D56 /* MainViewController.xib in Resources */ = {isa = PBXBuildFile; fileRef = 7B45DAED202A95BE007E8D56 /* MainViewController.xib */; };
		7B45DB00202A95BF007E8D56 /* MainWindowController.swift in Sources */ = {isa = PBXBuildFile; fileRef = 7B45DAEE202A95BE007E8D56 /* MainWindowController.swift */; };
		7B45DB01202A95BF007E8D56 /* MainViewController.swift in Sources */ = {isa = PBXBuildFile; fileRef = 7B45DAEF202A95BE007E8D56 /* MainViewController.swift */; };
		7B45DB04202A95BF007E8D56 /* MainWindowController.xib in Resources */ = {isa = PBXBuildFile; fileRef = 7B45DAF2202A95BE007E8D56 /* MainWindowController.xib */; };
		7B45DB05202A95BF007E8D56 /* String+Extension.swift in Sources */ = {isa = PBXBuildFile; fileRef = 7B45DAF4202A95BE007E8D56 /* String+Extension.swift */; };
		7B45DB06202A95BF007E8D56 /* Assets.xcassets in Resources */ = {isa = PBXBuildFile; fileRef = 7B45DAF6202A95BE007E8D56 /* Assets.xcassets */; };
		7B45DB07202A95BF007E8D56 /* MainMenu.xib in Resources */ = {isa = PBXBuildFile; fileRef = 7B45DAF7202A95BE007E8D56 /* MainMenu.xib */; };
		7B45DB08202A95BF007E8D56 /* AppDelegate.swift in Sources */ = {isa = PBXBuildFile; fileRef = 7B45DAF9202A95BE007E8D56 /* AppDelegate.swift */; };
		7B45DB0F202AA572007E8D56 /* File.swift in Sources */ = {isa = PBXBuildFile; fileRef = 7B45DB0E202AA572007E8D56 /* File.swift */; };
		7B7D5AE224FA2B2700A54D27 /* StringUtils.swift in Sources */ = {isa = PBXBuildFile; fileRef = 7B7D5AE124FA2B2700A54D27 /* StringUtils.swift */; };
		7B7D5AE424FA345C00A54D27 /* CacheManager.swift in Sources */ = {isa = PBXBuildFile; fileRef = 7B7D5AE324FA345C00A54D27 /* CacheManager.swift */; };
		7B7D5AE624FA520800A54D27 /* Date+Extension.swift in Sources */ = {isa = PBXBuildFile; fileRef = 7B7D5AE524FA520800A54D27 /* Date+Extension.swift */; };
		7B95A32224F95F69000D141B /* Localizable.strings in Resources */ = {isa = PBXBuildFile; fileRef = 7B95A32424F95F69000D141B /* Localizable.strings */; };
		7BD7FEDA202AC7C10003AE80 /* Content.swift in Sources */ = {isa = PBXBuildFile; fileRef = 7BD7FED9202AC7C10003AE80 /* Content.swift */; };
		7BD7FEDC202AC7EB0003AE80 /* Property.swift in Sources */ = {isa = PBXBuildFile; fileRef = 7BD7FEDB202AC7EB0003AE80 /* Property.swift */; };
		7BDF2972202BDB7D00B7E2F5 /* JSONConverterUITests.swift in Sources */ = {isa = PBXBuildFile; fileRef = 7BDF2971202BDB7D00B7E2F5 /* JSONConverterUITests.swift */; };
		8E1945EA2508A3CE00E7CDCC /* Enums.swift in Sources */ = {isa = PBXBuildFile; fileRef = 8E1945E92508A3CE00E7CDCC /* Enums.swift */; };
		8E1B82972508B22B00E8CA95 /* NSTextView+LineNumberRulerView.swift in Sources */ = {isa = PBXBuildFile; fileRef = 8E1B82962508B22B00E8CA95 /* NSTextView+LineNumberRulerView.swift */; };
		8E1B82992508ED6400E8CA95 /* NSLayoutConstraint+Extension.swift in Sources */ = {isa = PBXBuildFile; fileRef = 8E1B82982508ED6400E8CA95 /* NSLayoutConstraint+Extension.swift */; };
		8E2A9D0224F9201F00F03DCB /* SettingViewController.swift in Sources */ = {isa = PBXBuildFile; fileRef = 8E2A9D0024F9201F00F03DCB /* SettingViewController.swift */; };
		8E2A9D0324F9201F00F03DCB /* SettingViewController.xib in Resources */ = {isa = PBXBuildFile; fileRef = 8E2A9D0124F9201F00F03DCB /* SettingViewController.xib */; };
		8E2EE4132761A4F800FABCA0 /* SwiftyJSONBuilder.swift in Sources */ = {isa = PBXBuildFile; fileRef = 8E2EE4122761A4F800FABCA0 /* SwiftyJSONBuilder.swift */; };
		8E2EE4152761AF8800FABCA0 /* ObjectMapperBuilder.swift in Sources */ = {isa = PBXBuildFile; fileRef = 8E2EE4142761AF8800FABCA0 /* ObjectMapperBuilder.swift */; };
		8E2EE4172761B1D600FABCA0 /* FlutterBuilder.swift in Sources */ = {isa = PBXBuildFile; fileRef = 8E2EE4162761B1D600FABCA0 /* FlutterBuilder.swift */; };
		8E43D13722E7E85600F52C8E /* UpgradeUtils.swift in Sources */ = {isa = PBXBuildFile; fileRef = 8E43D13622E7E85600F52C8E /* UpgradeUtils.swift */; };
		8E43D13A22E81E6D00F52C8E /* Version.swift in Sources */ = {isa = PBXBuildFile; fileRef = 8E43D13922E81E6D00F52C8E /* Version.swift */; };
		8E43D13D22E8235A00F52C8E /* UpgradeViewController.swift in Sources */ = {isa = PBXBuildFile; fileRef = 8E43D13B22E8235A00F52C8E /* UpgradeViewController.swift */; };
		8E43D13E22E8235A00F52C8E /* UpgradeViewController.xib in Resources */ = {isa = PBXBuildFile; fileRef = 8E43D13C22E8235A00F52C8E /* UpgradeViewController.xib */; };
		8E542C2F25130C160053C1E0 /* PanGestureIndicatorView.swift in Sources */ = {isa = PBXBuildFile; fileRef = 8E542C2E25130C160053C1E0 /* PanGestureIndicatorView.swift */; };
		8E542C31251350080053C1E0 /* Export.swift in Sources */ = {isa = PBXBuildFile; fileRef = 8E542C30251350080053C1E0 /* Export.swift */; };
		8E68571D22850F4800DCDF2E /* Notification+Extension.swift in Sources */ = {isa = PBXBuildFile; fileRef = 8E68571C22850F4800DCDF2E /* Notification+Extension.swift */; };
		8EB0531424FCDABF00B96D79 /* NSColor+Extension.swift in Sources */ = {isa = PBXBuildFile; fileRef = 8EB0531324FCDABF00B96D79 /* NSColor+Extension.swift */; };
		8EC0797D268993D400000F68 /* CodeAttributedString.swift in Sources */ = {isa = PBXBuildFile; fileRef = 8EC07918268993D400000F68 /* CodeAttributedString.swift */; };
		8EC0797E268993D400000F68 /* Highlightr.swift in Sources */ = {isa = PBXBuildFile; fileRef = 8EC07919268993D400000F68 /* Highlightr.swift */; };
		8EC07980268993D400000F68 /* HTMLUtils.swift in Sources */ = {isa = PBXBuildFile; fileRef = 8EC0791B268993D400000F68 /* HTMLUtils.swift */; };
		8EC07981268993D400000F68 /* Theme.swift in Sources */ = {isa = PBXBuildFile; fileRef = 8EC0791C268993D400000F68 /* Theme.swift */; };
		8EC07982268993D400000F68 /* Shims.swift in Sources */ = {isa = PBXBuildFile; fileRef = 8EC0791D268993D400000F68 /* Shims.swift */; };
		8EC07984268993D400000F68 /* vs.min.css in Resources */ = {isa = PBXBuildFile; fileRef = 8EC07921268993D400000F68 /* vs.min.css */; };
		8EC07985268993D400000F68 /* atelier-seaside-dark.min.css in Resources */ = {isa = PBXBuildFile; fileRef = 8EC07922268993D400000F68 /* atelier-seaside-dark.min.css */; };
		8EC07986268993D400000F68 /* isbl-editor-dark.min.css in Resources */ = {isa = PBXBuildFile; fileRef = 8EC07923268993D400000F68 /* isbl-editor-dark.min.css */; };
		8EC07987268993D400000F68 /* brown-paper.min.css in Resources */ = {isa = PBXBuildFile; fileRef = 8EC07924268993D400000F68 /* brown-paper.min.css */; };
		8EC07988268993D400000F68 /* atelier-plateau-light.min.css in Resources */ = {isa = PBXBuildFile; fileRef = 8EC07925268993D400000F68 /* atelier-plateau-light.min.css */; };
		8EC07989268993D400000F68 /* school-book.min.css in Resources */ = {isa = PBXBuildFile; fileRef = 8EC07926268993D400000F68 /* school-book.min.css */; };
		8EC0798A268993D400000F68 /* xcode.min.css in Resources */ = {isa = PBXBuildFile; fileRef = 8EC07927268993D400000F68 /* xcode.min.css */; };
		8EC0798B268993D400000F68 /* atelier-sulphurpool-dark.min.css in Resources */ = {isa = PBXBuildFile; fileRef = 8EC07928268993D400000F68 /* atelier-sulphurpool-dark.min.css */; };
		8EC0798C268993D400000F68 /* tomorrow-night-blue.min.css in Resources */ = {isa = PBXBuildFile; fileRef = 8EC07929268993D400000F68 /* tomorrow-night-blue.min.css */; };
		8EC0798D268993D400000F68 /* vs2015.min.css in Resources */ = {isa = PBXBuildFile; fileRef = 8EC0792A268993D400000F68 /* vs2015.min.css */; };
		8EC0798E268993D400000F68 /* atelier-heath-dark.min.css in Resources */ = {isa = PBXBuildFile; fileRef = 8EC0792B268993D400000F68 /* atelier-heath-dark.min.css */; };
		8EC0798F268993D400000F68 /* paraiso-light.min.css in Resources */ = {isa = PBXBuildFile; fileRef = 8EC0792C268993D400000F68 /* paraiso-light.min.css */; };
		8EC07990268993D400000F68 /* rainbow.min.css in Resources */ = {isa = PBXBuildFile; fileRef = 8EC0792D268993D400000F68 /* rainbow.min.css */; };
		8EC07991268993D400000F68 /* qtcreator_light.min.css in Resources */ = {isa = PBXBuildFile; fileRef = 8EC0792E268993D400000F68 /* qtcreator_light.min.css */; };
		8EC07992268993D400000F68 /* a11y-light.min.css in Resources */ = {isa = PBXBuildFile; fileRef = 8EC0792F268993D400000F68 /* a11y-light.min.css */; };
		8EC07993268993D400000F68 /* kimbie.dark.min.css in Resources */ = {isa = PBXBuildFile; fileRef = 8EC07930268993D400000F68 /* kimbie.dark.min.css */; };
		8EC07994268993D400000F68 /* atelier-heath-light.min.css in Resources */ = {isa = PBXBuildFile; fileRef = 8EC07931268993D400000F68 /* atelier-heath-light.min.css */; };
		8EC07995268993D400000F68 /* far.min.css in Resources */ = {isa = PBXBuildFile; fileRef = 8EC07932268993D400000F68 /* far.min.css */; };
		8EC07996268993D400000F68 /* atelier-dune-dark.min.css in Resources */ = {isa = PBXBuildFile; fileRef = 8EC07933268993D400000F68 /* atelier-dune-dark.min.css */; };
		8EC07997268993D400000F68 /* shades-of-purple.min.css in Resources */ = {isa = PBXBuildFile; fileRef = 8EC07934268993D400000F68 /* shades-of-purple.min.css */; };
		8EC07998268993D400000F68 /* kimbie.light.min.css in Resources */ = {isa = PBXBuildFile; fileRef = 8EC07935268993D400000F68 /* kimbie.light.min.css */; };
		8EC07999268993D400000F68 /* railscasts.min.css in Resources */ = {isa = PBXBuildFile; fileRef = 8EC07936268993D400000F68 /* railscasts.min.css */; };
		8EC0799A268993D400000F68 /* solarized-dark.min.css in Resources */ = {isa = PBXBuildFile; fileRef = 8EC07937268993D400000F68 /* solarized-dark.min.css */; };
		8EC0799B268993D400000F68 /* atelier-estuary-light.min.css in Resources */ = {isa = PBXBuildFile; fileRef = 8EC07938268993D400000F68 /* atelier-estuary-light.min.css */; };
		8EC0799C268993D400000F68 /* xt256.min.css in Resources */ = {isa = PBXBuildFile; fileRef = 8EC07939268993D400000F68 /* xt256.min.css */; };
		8EC0799D268993D400000F68 /* mono-blue.min.css in Resources */ = {isa = PBXBuildFile; fileRef = 8EC0793A268993D400000F68 /* mono-blue.min.css */; };
		8EC0799E268993D400000F68 /* ocean.min.css in Resources */ = {isa = PBXBuildFile; fileRef = 8EC0793B268993D400000F68 /* ocean.min.css */; };
		8EC0799F268993D400000F68 /* github-gist.min.css in Resources */ = {isa = PBXBuildFile; fileRef = 8EC0793C268993D400000F68 /* github-gist.min.css */; };
		8EC079A0268993D400000F68 /* atelier-seaside-light.min.css in Resources */ = {isa = PBXBuildFile; fileRef = 8EC0793D268993D400000F68 /* atelier-seaside-light.min.css */; };
		8EC079A1268993D400000F68 /* tomorrow-night-eighties.min.css in Resources */ = {isa = PBXBuildFile; fileRef = 8EC0793E268993D400000F68 /* tomorrow-night-eighties.min.css */; };
		8EC079A2268993D400000F68 /* atom-one-dark.min.css in Resources */ = {isa = PBXBuildFile; fileRef = 8EC0793F268993D400000F68 /* atom-one-dark.min.css */; };
		8EC079A3268993D400000F68 /* qtcreator_dark.min.css in Resources */ = {isa = PBXBuildFile; fileRef = 8EC07940268993D400000F68 /* qtcreator_dark.min.css */; };
		8EC079A4268993D400000F68 /* atelier-savanna-dark.min.css in Resources */ = {isa = PBXBuildFile; fileRef = 8EC07941268993D400000F68 /* atelier-savanna-dark.min.css */; };
		8EC079A5268993D400000F68 /* color-brewer.min.css in Resources */ = {isa = PBXBuildFile; fileRef = 8EC07942268993D400000F68 /* color-brewer.min.css */; };
		8EC079A6268993D400000F68 /* pojoaque.min.css in Resources */ = {isa = PBXBuildFile; fileRef = 8EC07943268993D400000F68 /* pojoaque.min.css */; };
		8EC079A7268993D400000F68 /* routeros.min.css in Resources */ = {isa = PBXBuildFile; fileRef = 8EC07944268993D400000F68 /* routeros.min.css */; };
		8EC079A8268993D400000F68 /* atelier-forest-dark.min.css in Resources */ = {isa = PBXBuildFile; fileRef = 8EC07945268993D400000F68 /* atelier-forest-dark.min.css */; };
		8EC079A9268993D400000F68 /* gml.min.css in Resources */ = {isa = PBXBuildFile; fileRef = 8EC07946268993D400000F68 /* gml.min.css */; };
		8EC079AA268993D400000F68 /* tomorrow-night.min.css in Resources */ = {isa = PBXBuildFile; fileRef = 8EC07947268993D400000F68 /* tomorrow-night.min.css */; };
		8EC079AB268993D400000F68 /* obsidian.min.css in Resources */ = {isa = PBXBuildFile; fileRef = 8EC07948268993D400000F68 /* obsidian.min.css */; };
		8EC079AC268993D400000F68 /* lightfair.min.css in Resources */ = {isa = PBXBuildFile; fileRef = 8EC07949268993D400000F68 /* lightfair.min.css */; };
		8EC079AD268993D400000F68 /* atelier-lakeside-dark.min.css in Resources */ = {isa = PBXBuildFile; fileRef = 8EC0794A268993D400000F68 /* atelier-lakeside-dark.min.css */; };
		8EC079AE268993D400000F68 /* gruvbox-light.min.css in Resources */ = {isa = PBXBuildFile; fileRef = 8EC0794B268993D400000F68 /* gruvbox-light.min.css */; };
		8EC079AF268993D400000F68 /* idea.min.css in Resources */ = {isa = PBXBuildFile; fileRef = 8EC0794C268993D400000F68 /* idea.min.css */; };
		8EC079B0268993D400000F68 /* tomorrow.min.css in Resources */ = {isa = PBXBuildFile; fileRef = 8EC0794D268993D400000F68 /* tomorrow.min.css */; };
		8EC079B1268993D400000F68 /* atelier-forest-light.min.css in Resources */ = {isa = PBXBuildFile; fileRef = 8EC0794E268993D400000F68 /* atelier-forest-light.min.css */; };
		8EC079B2268993D400000F68 /* arduino-light.min.css in Resources */ = {isa = PBXBuildFile; fileRef = 8EC0794F268993D400000F68 /* arduino-light.min.css */; };
		8EC079B3268993D400000F68 /* gruvbox-dark.min.css in Resources */ = {isa = PBXBuildFile; fileRef = 8EC07950268993D400000F68 /* gruvbox-dark.min.css */; };
		8EC079B4268993D400000F68 /* dracula.min.css in Resources */ = {isa = PBXBuildFile; fileRef = 8EC07951268993D400000F68 /* dracula.min.css */; };
		8EC079B5268993D400000F68 /* magula.min.css in Resources */ = {isa = PBXBuildFile; fileRef = 8EC07952268993D400000F68 /* magula.min.css */; };
		8EC079B6268993D400000F68 /* arta.min.css in Resources */ = {isa = PBXBuildFile; fileRef = 8EC07953268993D400000F68 /* arta.min.css */; };
		8EC079B7268993D400000F68 /* purebasic.min.css in Resources */ = {isa = PBXBuildFile; fileRef = 8EC07954268993D400000F68 /* purebasic.min.css */; };
		8EC079B8268993D400000F68 /* hopscotch.min.css in Resources */ = {isa = PBXBuildFile; fileRef = 8EC07955268993D400000F68 /* hopscotch.min.css */; };
		8EC079B9268993D400000F68 /* github.min.css in Resources */ = {isa = PBXBuildFile; fileRef = 8EC07956268993D400000F68 /* github.min.css */; };
		8EC079BA268993D400000F68 /* nord.min.css in Resources */ = {isa = PBXBuildFile; fileRef = 8EC07957268993D400000F68 /* nord.min.css */; };
		8EC079BB268993D400000F68 /* dark.min.css in Resources */ = {isa = PBXBuildFile; fileRef = 8EC07958268993D400000F68 /* dark.min.css */; };
		8EC079BC268993D400000F68 /* atom-one-light.min.css in Resources */ = {isa = PBXBuildFile; fileRef = 8EC07959268993D400000F68 /* atom-one-light.min.css */; };
		8EC079BD268993D400000F68 /* monokai.min.css in Resources */ = {isa = PBXBuildFile; fileRef = 8EC0795A268993D400000F68 /* monokai.min.css */; };
		8EC079BE268993D400000F68 /* docco.min.css in Resources */ = {isa = PBXBuildFile; fileRef = 8EC0795B268993D400000F68 /* docco.min.css */; };
		8EC079BF268993D400000F68 /* default.min.css in Resources */ = {isa = PBXBuildFile; fileRef = 8EC0795C268993D400000F68 /* default.min.css */; };
		8EC079C0268993D400000F68 /* ascetic.min.css in Resources */ = {isa = PBXBuildFile; fileRef = 8EC0795D268993D400000F68 /* ascetic.min.css */; };
		8EC079C1268993D400000F68 /* isbl-editor-light.min.css in Resources */ = {isa = PBXBuildFile; fileRef = 8EC0795E268993D400000F68 /* isbl-editor-light.min.css */; };
		8EC079C2268993D400000F68 /* atelier-cave-light.min.css in Resources */ = {isa = PBXBuildFile; fileRef = 8EC0795F268993D400000F68 /* atelier-cave-light.min.css */; };
		8EC079C3268993D400000F68 /* a11y-dark.min.css in Resources */ = {isa = PBXBuildFile; fileRef = 8EC07960268993D400000F68 /* a11y-dark.min.css */; };
		8EC079C4268993D400000F68 /* atelier-sulphurpool-light.min.css in Resources */ = {isa = PBXBuildFile; fileRef = 8EC07961268993D400000F68 /* atelier-sulphurpool-light.min.css */; };
		8EC079C5268993D400000F68 /* atelier-plateau-dark.min.css in Resources */ = {isa = PBXBuildFile; fileRef = 8EC07962268993D400000F68 /* atelier-plateau-dark.min.css */; };
		8EC079C6268993D400000F68 /* darkula.min.css in Resources */ = {isa = PBXBuildFile; fileRef = 8EC07963268993D400000F68 /* darkula.min.css */; };
		8EC079C7268993D400000F68 /* atelier-cave-dark.min.css in Resources */ = {isa = PBXBuildFile; fileRef = 8EC07964268993D400000F68 /* atelier-cave-dark.min.css */; };
		8EC079C8268993D400000F68 /* ir-black.min.css in Resources */ = {isa = PBXBuildFile; fileRef = 8EC07965268993D400000F68 /* ir-black.min.css */; };
		8EC079C9268993D400000F68 /* solarized-light.min.css in Resources */ = {isa = PBXBuildFile; fileRef = 8EC07966268993D400000F68 /* solarized-light.min.css */; };
		8EC079CA268993D400000F68 /* tomorrow-night-bright.min.css in Resources */ = {isa = PBXBuildFile; fileRef = 8EC07967268993D400000F68 /* tomorrow-night-bright.min.css */; };
		8EC079CB268993D400000F68 /* atelier-savanna-light.min.css in Resources */ = {isa = PBXBuildFile; fileRef = 8EC07968268993D400000F68 /* atelier-savanna-light.min.css */; };
		8EC079CC268993D400000F68 /* foundation.min.css in Resources */ = {isa = PBXBuildFile; fileRef = 8EC07969268993D400000F68 /* foundation.min.css */; };
		8EC079CD268993D400000F68 /* codepen-embed.min.css in Resources */ = {isa = PBXBuildFile; fileRef = 8EC0796A268993D400000F68 /* codepen-embed.min.css */; };
		8EC079CE268993D400000F68 /* atelier-estuary-dark.min.css in Resources */ = {isa = PBXBuildFile; fileRef = 8EC0796B268993D400000F68 /* atelier-estuary-dark.min.css */; };
		8EC079CF268993D400000F68 /* googlecode.min.css in Resources */ = {isa = PBXBuildFile; fileRef = 8EC0796C268993D400000F68 /* googlecode.min.css */; };
		8EC079D0268993D400000F68 /* atom-one-dark-reasonable.min.css in Resources */ = {isa = PBXBuildFile; fileRef = 8EC0796D268993D400000F68 /* atom-one-dark-reasonable.min.css */; };
		8EC079D1268993D400000F68 /* atelier-dune-light.min.css in Resources */ = {isa = PBXBuildFile; fileRef = 8EC0796E268993D400000F68 /* atelier-dune-light.min.css */; };
		8EC079D2268993D400000F68 /* paraiso-dark.min.css in Resources */ = {isa = PBXBuildFile; fileRef = 8EC0796F268993D400000F68 /* paraiso-dark.min.css */; };
		8EC079D3268993D400000F68 /* zenburn.min.css in Resources */ = {isa = PBXBuildFile; fileRef = 8EC07970268993D400000F68 /* zenburn.min.css */; };
		8EC079D4268993D400000F68 /* androidstudio.min.css in Resources */ = {isa = PBXBuildFile; fileRef = 8EC07971268993D400000F68 /* androidstudio.min.css */; };
		8EC079D5268993D400000F68 /* grayscale.min.css in Resources */ = {isa = PBXBuildFile; fileRef = 8EC07972268993D400000F68 /* grayscale.min.css */; };
		8EC079D6268993D400000F68 /* sunburst.min.css in Resources */ = {isa = PBXBuildFile; fileRef = 8EC07973268993D400000F68 /* sunburst.min.css */; };
		8EC079D7268993D400000F68 /* agate.min.css in Resources */ = {isa = PBXBuildFile; fileRef = 8EC07974268993D400000F68 /* agate.min.css */; };
		8EC079D8268993D400000F68 /* hybrid.min.css in Resources */ = {isa = PBXBuildFile; fileRef = 8EC07975268993D400000F68 /* hybrid.min.css */; };
		8EC079D9268993D400000F68 /* darcula.min.css in Resources */ = {isa = PBXBuildFile; fileRef = 8EC07976268993D400000F68 /* darcula.min.css */; };
		8EC079DA268993D400000F68 /* atelier-lakeside-light.min.css in Resources */ = {isa = PBXBuildFile; fileRef = 8EC07977268993D400000F68 /* atelier-lakeside-light.min.css */; };
		8EC079DB268993D400000F68 /* monokai-sublime.min.css in Resources */ = {isa = PBXBuildFile; fileRef = 8EC07978268993D400000F68 /* monokai-sublime.min.css */; };
		8EC079DC268993D400000F68 /* an-old-hope.min.css in Resources */ = {isa = PBXBuildFile; fileRef = 8EC07979268993D400000F68 /* an-old-hope.min.css */; };
		8EC079DD268993D400000F68 /* LICENSE in Resources */ = {isa = PBXBuildFile; fileRef = 8EC0797B268993D400000F68 /* LICENSE */; };
		8EC079DE268993D400000F68 /* highlight.min.js in Resources */ = {isa = PBXBuildFile; fileRef = 8EC0797C268993D400000F68 /* highlight.min.js */; };
		8EC3AAC2269E9EAD00CE0262 /* CustomBackgroundView.swift in Sources */ = {isa = PBXBuildFile; fileRef = 8EC3AAC1269E9EAD00CE0262 /* CustomBackgroundView.swift */; };
		8ED4E1162755B81F004A682A /* JSONConverterTests.swift in Sources */ = {isa = PBXBuildFile; fileRef = 8ED4E1152755B81F004A682A /* JSONConverterTests.swift */; };
		8EE44C73276301FE0024D730 /* HandyJSONBuilder.swift in Sources */ = {isa = PBXBuildFile; fileRef = 8EE44C72276301FE0024D730 /* HandyJSONBuilder.swift */; };
		8EE44C752763024D0024D730 /* CodableBuilder.swift in Sources */ = {isa = PBXBuildFile; fileRef = 8EE44C742763024D0024D730 /* CodableBuilder.swift */; };
		C456BF34489448A596582A22 /* Pods_JSONConverterTests.framework in Frameworks */ = {isa = PBXBuildFile; fileRef = 2E9D7C2DF5479CDC7B89A152 /* Pods_JSONConverterTests.framework */; };
		E6BC523AD970DF582B685B5A /* Pods_JSONConverter_JSONConverterUITests.framework in Frameworks */ = {isa = PBXBuildFile; fileRef = 8D44DED0DB8DD93A1422B237 /* Pods_JSONConverter_JSONConverterUITests.framework */; };
/* End PBXBuildFile section */

/* Begin PBXContainerItemProxy section */
		7BDF2974202BDB7D00B7E2F5 /* PBXContainerItemProxy */ = {
			isa = PBXContainerItemProxy;
			containerPortal = 7B4B5EA2201B87A10098712B /* Project object */;
			proxyType = 1;
			remoteGlobalIDString = 7B4B5EA9201B87A10098712B;
			remoteInfo = JSONConverter;
		};
		8ED4E1182755B81F004A682A /* PBXContainerItemProxy */ = {
			isa = PBXContainerItemProxy;
			containerPortal = 7B4B5EA2201B87A10098712B /* Project object */;
			proxyType = 1;
			remoteGlobalIDString = 7B4B5EA9201B87A10098712B;
			remoteInfo = JSONConverter;
		};
/* End PBXContainerItemProxy section */

/* Begin PBXFileReference section */
		05AB8A8E6D68BAB20085C224 /* Pods-JSONConverter.release.xcconfig */ = {isa = PBXFileReference; includeInIndex = 1; lastKnownFileType = text.xcconfig; name = "Pods-JSONConverter.release.xcconfig"; path = "Target Support Files/Pods-JSONConverter/Pods-JSONConverter.release.xcconfig"; sourceTree = "<group>"; };
		0A1B06A2A6658E22A04ECD66 /* Pods_JSONConverter.framework */ = {isa = PBXFileReference; explicitFileType = wrapper.framework; includeInIndex = 0; path = Pods_JSONConverter.framework; sourceTree = BUILT_PRODUCTS_DIR; };
		284ACF227ADB7DDD725B0195 /* Pods-JSONConverter-JSONConverterUITests.debug.xcconfig */ = {isa = PBXFileReference; includeInIndex = 1; lastKnownFileType = text.xcconfig; name = "Pods-JSONConverter-JSONConverterUITests.debug.xcconfig"; path = "Target Support Files/Pods-JSONConverter-JSONConverterUITests/Pods-JSONConverter-JSONConverterUITests.debug.xcconfig"; sourceTree = "<group>"; };
		2E9D7C2DF5479CDC7B89A152 /* Pods_JSONConverterTests.framework */ = {isa = PBXFileReference; explicitFileType = wrapper.framework; includeInIndex = 0; path = Pods_JSONConverterTests.framework; sourceTree = BUILT_PRODUCTS_DIR; };
		534B6E6532347C4C75A6C372 /* Pods-JSONConverter.debug.xcconfig */ = {isa = PBXFileReference; includeInIndex = 1; lastKnownFileType = text.xcconfig; name = "Pods-JSONConverter.debug.xcconfig"; path = "Target Support Files/Pods-JSONConverter/Pods-JSONConverter.debug.xcconfig"; sourceTree = "<group>"; };
		7812C44FB05AF4F67F19D831 /* Pods-JSONConverter-JSONConverterUITests.release.xcconfig */ = {isa = PBXFileReference; includeInIndex = 1; lastKnownFileType = text.xcconfig; name = "Pods-JSONConverter-JSONConverterUITests.release.xcconfig"; path = "Target Support Files/Pods-JSONConverter-JSONConverterUITests/Pods-JSONConverter-JSONConverterUITests.release.xcconfig"; sourceTree = "<group>"; };
		7B2D34F822E6072A009D2ED2 /* wechat.jpeg */ = {isa = PBXFileReference; lastKnownFileType = image.jpeg; path = wechat.jpeg; sourceTree = "<group>"; };
		7B2E9EEA2760F3B000151B99 /* BuilderProtocol.swift */ = {isa = PBXFileReference; lastKnownFileType = sourcecode.swift; path = BuilderProtocol.swift; sourceTree = "<group>"; };
		7B2E9EEC2760FA3300151B99 /* ObjCBuilder.swift */ = {isa = PBXFileReference; lastKnownFileType = sourcecode.swift; path = ObjCBuilder.swift; sourceTree = "<group>"; };
		7B2E9EEF2761062D00151B99 /* SwiftBuilder.swift */ = {isa = PBXFileReference; lastKnownFileType = sourcecode.swift; path = SwiftBuilder.swift; sourceTree = "<group>"; };
		7B45DAEC202A95BE007E8D56 /* JSONProcesser.swift */ = {isa = PBXFileReference; fileEncoding = 4; lastKnownFileType = sourcecode.swift; path = JSONProcesser.swift; sourceTree = "<group>"; };
		7B45DAED202A95BE007E8D56 /* MainViewController.xib */ = {isa = PBXFileReference; fileEncoding = 4; lastKnownFileType = file.xib; path = MainViewController.xib; sourceTree = "<group>"; };
		7B45DAEE202A95BE007E8D56 /* MainWindowController.swift */ = {isa = PBXFileReference; fileEncoding = 4; lastKnownFileType = sourcecode.swift; path = MainWindowController.swift; sourceTree = "<group>"; };
		7B45DAEF202A95BE007E8D56 /* MainViewController.swift */ = {isa = PBXFileReference; fileEncoding = 4; lastKnownFileType = sourcecode.swift; path = MainViewController.swift; sourceTree = "<group>"; };
		7B45DAF2202A95BE007E8D56 /* MainWindowController.xib */ = {isa = PBXFileReference; fileEncoding = 4; lastKnownFileType = file.xib; path = MainWindowController.xib; sourceTree = "<group>"; };
		7B45DAF4202A95BE007E8D56 /* String+Extension.swift */ = {isa = PBXFileReference; fileEncoding = 4; lastKnownFileType = sourcecode.swift; path = "String+Extension.swift"; sourceTree = "<group>"; };
		7B45DAF5202A95BE007E8D56 /* JSONConverter.entitlements */ = {isa = PBXFileReference; fileEncoding = 4; lastKnownFileType = text.plist.entitlements; path = JSONConverter.entitlements; sourceTree = "<group>"; };
		7B45DAF6202A95BE007E8D56 /* Assets.xcassets */ = {isa = PBXFileReference; lastKnownFileType = folder.assetcatalog; path = Assets.xcassets; sourceTree = "<group>"; };
		7B45DAF8202A95BE007E8D56 /* Base */ = {isa = PBXFileReference; lastKnownFileType = file.xib; name = Base; path = Base.lproj/MainMenu.xib; sourceTree = "<group>"; };
		7B45DAF9202A95BE007E8D56 /* AppDelegate.swift */ = {isa = PBXFileReference; fileEncoding = 4; lastKnownFileType = sourcecode.swift; path = AppDelegate.swift; sourceTree = "<group>"; };
		7B45DAFA202A95BE007E8D56 /* Info.plist */ = {isa = PBXFileReference; fileEncoding = 4; lastKnownFileType = text.plist.xml; path = Info.plist; sourceTree = "<group>"; };
		7B45DB0E202AA572007E8D56 /* File.swift */ = {isa = PBXFileReference; fileEncoding = 4; lastKnownFileType = sourcecode.swift; path = File.swift; sourceTree = "<group>"; };
		7B4B5EAA201B87A10098712B /* JSONConverter.app */ = {isa = PBXFileReference; explicitFileType = wrapper.application; includeInIndex = 0; path = JSONConverter.app; sourceTree = BUILT_PRODUCTS_DIR; };
		7B7D5AE124FA2B2700A54D27 /* StringUtils.swift */ = {isa = PBXFileReference; lastKnownFileType = sourcecode.swift; path = StringUtils.swift; sourceTree = "<group>"; };
		7B7D5AE324FA345C00A54D27 /* CacheManager.swift */ = {isa = PBXFileReference; lastKnownFileType = sourcecode.swift; path = CacheManager.swift; sourceTree = "<group>"; };
		7B7D5AE524FA520800A54D27 /* Date+Extension.swift */ = {isa = PBXFileReference; lastKnownFileType = sourcecode.swift; path = "Date+Extension.swift"; sourceTree = "<group>"; };
		7B95A31E24F95EA1000D141B /* zh-Hans */ = {isa = PBXFileReference; lastKnownFileType = text.plist.strings; name = "zh-Hans"; path = "zh-Hans.lproj/MainMenu.strings"; sourceTree = "<group>"; };
		7B95A32324F95F69000D141B /* en */ = {isa = PBXFileReference; lastKnownFileType = text.plist.strings; name = en; path = en.lproj/Localizable.strings; sourceTree = "<group>"; };
		7B95A32524F95F6E000D141B /* zh-Hans */ = {isa = PBXFileReference; lastKnownFileType = text.plist.strings; name = "zh-Hans"; path = "zh-Hans.lproj/Localizable.strings"; sourceTree = "<group>"; };
		7BD7FED9202AC7C10003AE80 /* Content.swift */ = {isa = PBXFileReference; lastKnownFileType = sourcecode.swift; path = Content.swift; sourceTree = "<group>"; };
		7BD7FEDB202AC7EB0003AE80 /* Property.swift */ = {isa = PBXFileReference; lastKnownFileType = sourcecode.swift; path = Property.swift; sourceTree = "<group>"; };
		7BDF296F202BDB7C00B7E2F5 /* JSONConverterUITests.xctest */ = {isa = PBXFileReference; explicitFileType = wrapper.cfbundle; includeInIndex = 0; path = JSONConverterUITests.xctest; sourceTree = BUILT_PRODUCTS_DIR; };
		7BDF2971202BDB7D00B7E2F5 /* JSONConverterUITests.swift */ = {isa = PBXFileReference; lastKnownFileType = sourcecode.swift; path = JSONConverterUITests.swift; sourceTree = "<group>"; };
		7BDF2973202BDB7D00B7E2F5 /* Info.plist */ = {isa = PBXFileReference; lastKnownFileType = text.plist.xml; path = Info.plist; sourceTree = "<group>"; };
		8D44DED0DB8DD93A1422B237 /* Pods_JSONConverter_JSONConverterUITests.framework */ = {isa = PBXFileReference; explicitFileType = wrapper.framework; includeInIndex = 0; path = Pods_JSONConverter_JSONConverterUITests.framework; sourceTree = BUILT_PRODUCTS_DIR; };
		8E1945E92508A3CE00E7CDCC /* Enums.swift */ = {isa = PBXFileReference; lastKnownFileType = sourcecode.swift; path = Enums.swift; sourceTree = "<group>"; };
		8E1B82962508B22B00E8CA95 /* NSTextView+LineNumberRulerView.swift */ = {isa = PBXFileReference; fileEncoding = 4; lastKnownFileType = sourcecode.swift; path = "NSTextView+LineNumberRulerView.swift"; sourceTree = "<group>"; };
		8E1B82982508ED6400E8CA95 /* NSLayoutConstraint+Extension.swift */ = {isa = PBXFileReference; lastKnownFileType = sourcecode.swift; path = "NSLayoutConstraint+Extension.swift"; sourceTree = "<group>"; };
		8E2A9D0024F9201F00F03DCB /* SettingViewController.swift */ = {isa = PBXFileReference; lastKnownFileType = sourcecode.swift; path = SettingViewController.swift; sourceTree = "<group>"; };
		8E2A9D0124F9201F00F03DCB /* SettingViewController.xib */ = {isa = PBXFileReference; lastKnownFileType = file.xib; path = SettingViewController.xib; sourceTree = "<group>"; };
		8E2EE4122761A4F800FABCA0 /* SwiftyJSONBuilder.swift */ = {isa = PBXFileReference; lastKnownFileType = sourcecode.swift; path = SwiftyJSONBuilder.swift; sourceTree = "<group>"; };
		8E2EE4142761AF8800FABCA0 /* ObjectMapperBuilder.swift */ = {isa = PBXFileReference; lastKnownFileType = sourcecode.swift; path = ObjectMapperBuilder.swift; sourceTree = "<group>"; };
		8E2EE4162761B1D600FABCA0 /* FlutterBuilder.swift */ = {isa = PBXFileReference; lastKnownFileType = sourcecode.swift; path = FlutterBuilder.swift; sourceTree = "<group>"; };
		8E43D13622E7E85600F52C8E /* UpgradeUtils.swift */ = {isa = PBXFileReference; lastKnownFileType = sourcecode.swift; path = UpgradeUtils.swift; sourceTree = "<group>"; };
		8E43D13922E81E6D00F52C8E /* Version.swift */ = {isa = PBXFileReference; lastKnownFileType = sourcecode.swift; path = Version.swift; sourceTree = "<group>"; };
		8E43D13B22E8235A00F52C8E /* UpgradeViewController.swift */ = {isa = PBXFileReference; lastKnownFileType = sourcecode.swift; path = UpgradeViewController.swift; sourceTree = "<group>"; };
		8E43D13C22E8235A00F52C8E /* UpgradeViewController.xib */ = {isa = PBXFileReference; lastKnownFileType = file.xib; path = UpgradeViewController.xib; sourceTree = "<group>"; };
		8E542C2E25130C160053C1E0 /* PanGestureIndicatorView.swift */ = {isa = PBXFileReference; fileEncoding = 4; lastKnownFileType = sourcecode.swift; path = PanGestureIndicatorView.swift; sourceTree = "<group>"; };
		8E542C30251350080053C1E0 /* Export.swift */ = {isa = PBXFileReference; lastKnownFileType = sourcecode.swift; path = Export.swift; sourceTree = "<group>"; };
		8E68571C22850F4800DCDF2E /* Notification+Extension.swift */ = {isa = PBXFileReference; lastKnownFileType = sourcecode.swift; path = "Notification+Extension.swift"; sourceTree = "<group>"; };
		8E9E8D09268202C300F778D0 /* JSONConverter-Bridging-Header.h */ = {isa = PBXFileReference; lastKnownFileType = sourcecode.c.h; path = "JSONConverter-Bridging-Header.h"; sourceTree = "<group>"; };
		8EB0531324FCDABF00B96D79 /* NSColor+Extension.swift */ = {isa = PBXFileReference; lastKnownFileType = sourcecode.swift; path = "NSColor+Extension.swift"; sourceTree = "<group>"; };
		8EC07918268993D400000F68 /* CodeAttributedString.swift */ = {isa = PBXFileReference; fileEncoding = 4; lastKnownFileType = sourcecode.swift; path = CodeAttributedString.swift; sourceTree = "<group>"; };
		8EC07919268993D400000F68 /* Highlightr.swift */ = {isa = PBXFileReference; fileEncoding = 4; lastKnownFileType = sourcecode.swift; path = Highlightr.swift; sourceTree = "<group>"; };
		8EC0791B268993D400000F68 /* HTMLUtils.swift */ = {isa = PBXFileReference; fileEncoding = 4; lastKnownFileType = sourcecode.swift; path = HTMLUtils.swift; sourceTree = "<group>"; };
		8EC0791C268993D400000F68 /* Theme.swift */ = {isa = PBXFileReference; fileEncoding = 4; lastKnownFileType = sourcecode.swift; path = Theme.swift; sourceTree = "<group>"; };
		8EC0791D268993D400000F68 /* Shims.swift */ = {isa = PBXFileReference; fileEncoding = 4; lastKnownFileType = sourcecode.swift; path = Shims.swift; sourceTree = "<group>"; };
		8EC07921268993D400000F68 /* vs.min.css */ = {isa = PBXFileReference; fileEncoding = 4; lastKnownFileType = text.css; path = vs.min.css; sourceTree = "<group>"; };
		8EC07922268993D400000F68 /* atelier-seaside-dark.min.css */ = {isa = PBXFileReference; fileEncoding = 4; lastKnownFileType = text.css; path = "atelier-seaside-dark.min.css"; sourceTree = "<group>"; };
		8EC07923268993D400000F68 /* isbl-editor-dark.min.css */ = {isa = PBXFileReference; fileEncoding = 4; lastKnownFileType = text.css; path = "isbl-editor-dark.min.css"; sourceTree = "<group>"; };
		8EC07924268993D400000F68 /* brown-paper.min.css */ = {isa = PBXFileReference; fileEncoding = 4; lastKnownFileType = text.css; path = "brown-paper.min.css"; sourceTree = "<group>"; };
		8EC07925268993D400000F68 /* atelier-plateau-light.min.css */ = {isa = PBXFileReference; fileEncoding = 4; lastKnownFileType = text.css; path = "atelier-plateau-light.min.css"; sourceTree = "<group>"; };
		8EC07926268993D400000F68 /* school-book.min.css */ = {isa = PBXFileReference; fileEncoding = 4; lastKnownFileType = text.css; path = "school-book.min.css"; sourceTree = "<group>"; };
		8EC07927268993D400000F68 /* xcode.min.css */ = {isa = PBXFileReference; fileEncoding = 4; lastKnownFileType = text.css; path = xcode.min.css; sourceTree = "<group>"; };
		8EC07928268993D400000F68 /* atelier-sulphurpool-dark.min.css */ = {isa = PBXFileReference; fileEncoding = 4; lastKnownFileType = text.css; path = "atelier-sulphurpool-dark.min.css"; sourceTree = "<group>"; };
		8EC07929268993D400000F68 /* tomorrow-night-blue.min.css */ = {isa = PBXFileReference; fileEncoding = 4; lastKnownFileType = text.css; path = "tomorrow-night-blue.min.css"; sourceTree = "<group>"; };
		8EC0792A268993D400000F68 /* vs2015.min.css */ = {isa = PBXFileReference; fileEncoding = 4; lastKnownFileType = text.css; path = vs2015.min.css; sourceTree = "<group>"; };
		8EC0792B268993D400000F68 /* atelier-heath-dark.min.css */ = {isa = PBXFileReference; fileEncoding = 4; lastKnownFileType = text.css; path = "atelier-heath-dark.min.css"; sourceTree = "<group>"; };
		8EC0792C268993D400000F68 /* paraiso-light.min.css */ = {isa = PBXFileReference; fileEncoding = 4; lastKnownFileType = text.css; path = "paraiso-light.min.css"; sourceTree = "<group>"; };
		8EC0792D268993D400000F68 /* rainbow.min.css */ = {isa = PBXFileReference; fileEncoding = 4; lastKnownFileType = text.css; path = rainbow.min.css; sourceTree = "<group>"; };
		8EC0792E268993D400000F68 /* qtcreator_light.min.css */ = {isa = PBXFileReference; fileEncoding = 4; lastKnownFileType = text.css; path = qtcreator_light.min.css; sourceTree = "<group>"; };
		8EC0792F268993D400000F68 /* a11y-light.min.css */ = {isa = PBXFileReference; fileEncoding = 4; lastKnownFileType = text.css; path = "a11y-light.min.css"; sourceTree = "<group>"; };
		8EC07930268993D400000F68 /* kimbie.dark.min.css */ = {isa = PBXFileReference; fileEncoding = 4; lastKnownFileType = text.css; path = kimbie.dark.min.css; sourceTree = "<group>"; };
		8EC07931268993D400000F68 /* atelier-heath-light.min.css */ = {isa = PBXFileReference; fileEncoding = 4; lastKnownFileType = text.css; path = "atelier-heath-light.min.css"; sourceTree = "<group>"; };
		8EC07932268993D400000F68 /* far.min.css */ = {isa = PBXFileReference; fileEncoding = 4; lastKnownFileType = text.css; path = far.min.css; sourceTree = "<group>"; };
		8EC07933268993D400000F68 /* atelier-dune-dark.min.css */ = {isa = PBXFileReference; fileEncoding = 4; lastKnownFileType = text.css; path = "atelier-dune-dark.min.css"; sourceTree = "<group>"; };
		8EC07934268993D400000F68 /* shades-of-purple.min.css */ = {isa = PBXFileReference; fileEncoding = 4; lastKnownFileType = text.css; path = "shades-of-purple.min.css"; sourceTree = "<group>"; };
		8EC07935268993D400000F68 /* kimbie.light.min.css */ = {isa = PBXFileReference; fileEncoding = 4; lastKnownFileType = text.css; path = kimbie.light.min.css; sourceTree = "<group>"; };
		8EC07936268993D400000F68 /* railscasts.min.css */ = {isa = PBXFileReference; fileEncoding = 4; lastKnownFileType = text.css; path = railscasts.min.css; sourceTree = "<group>"; };
		8EC07937268993D400000F68 /* solarized-dark.min.css */ = {isa = PBXFileReference; fileEncoding = 4; lastKnownFileType = text.css; path = "solarized-dark.min.css"; sourceTree = "<group>"; };
		8EC07938268993D400000F68 /* atelier-estuary-light.min.css */ = {isa = PBXFileReference; fileEncoding = 4; lastKnownFileType = text.css; path = "atelier-estuary-light.min.css"; sourceTree = "<group>"; };
		8EC07939268993D400000F68 /* xt256.min.css */ = {isa = PBXFileReference; fileEncoding = 4; lastKnownFileType = text.css; path = xt256.min.css; sourceTree = "<group>"; };
		8EC0793A268993D400000F68 /* mono-blue.min.css */ = {isa = PBXFileReference; fileEncoding = 4; lastKnownFileType = text.css; path = "mono-blue.min.css"; sourceTree = "<group>"; };
		8EC0793B268993D400000F68 /* ocean.min.css */ = {isa = PBXFileReference; fileEncoding = 4; lastKnownFileType = text.css; path = ocean.min.css; sourceTree = "<group>"; };
		8EC0793C268993D400000F68 /* github-gist.min.css */ = {isa = PBXFileReference; fileEncoding = 4; lastKnownFileType = text.css; path = "github-gist.min.css"; sourceTree = "<group>"; };
		8EC0793D268993D400000F68 /* atelier-seaside-light.min.css */ = {isa = PBXFileReference; fileEncoding = 4; lastKnownFileType = text.css; path = "atelier-seaside-light.min.css"; sourceTree = "<group>"; };
		8EC0793E268993D400000F68 /* tomorrow-night-eighties.min.css */ = {isa = PBXFileReference; fileEncoding = 4; lastKnownFileType = text.css; path = "tomorrow-night-eighties.min.css"; sourceTree = "<group>"; };
		8EC0793F268993D400000F68 /* atom-one-dark.min.css */ = {isa = PBXFileReference; fileEncoding = 4; lastKnownFileType = text.css; path = "atom-one-dark.min.css"; sourceTree = "<group>"; };
		8EC07940268993D400000F68 /* qtcreator_dark.min.css */ = {isa = PBXFileReference; fileEncoding = 4; lastKnownFileType = text.css; path = qtcreator_dark.min.css; sourceTree = "<group>"; };
		8EC07941268993D400000F68 /* atelier-savanna-dark.min.css */ = {isa = PBXFileReference; fileEncoding = 4; lastKnownFileType = text.css; path = "atelier-savanna-dark.min.css"; sourceTree = "<group>"; };
		8EC07942268993D400000F68 /* color-brewer.min.css */ = {isa = PBXFileReference; fileEncoding = 4; lastKnownFileType = text.css; path = "color-brewer.min.css"; sourceTree = "<group>"; };
		8EC07943268993D400000F68 /* pojoaque.min.css */ = {isa = PBXFileReference; fileEncoding = 4; lastKnownFileType = text.css; path = pojoaque.min.css; sourceTree = "<group>"; };
		8EC07944268993D400000F68 /* routeros.min.css */ = {isa = PBXFileReference; fileEncoding = 4; lastKnownFileType = text.css; path = routeros.min.css; sourceTree = "<group>"; };
		8EC07945268993D400000F68 /* atelier-forest-dark.min.css */ = {isa = PBXFileReference; fileEncoding = 4; lastKnownFileType = text.css; path = "atelier-forest-dark.min.css"; sourceTree = "<group>"; };
		8EC07946268993D400000F68 /* gml.min.css */ = {isa = PBXFileReference; fileEncoding = 4; lastKnownFileType = text.css; path = gml.min.css; sourceTree = "<group>"; };
		8EC07947268993D400000F68 /* tomorrow-night.min.css */ = {isa = PBXFileReference; fileEncoding = 4; lastKnownFileType = text.css; path = "tomorrow-night.min.css"; sourceTree = "<group>"; };
		8EC07948268993D400000F68 /* obsidian.min.css */ = {isa = PBXFileReference; fileEncoding = 4; lastKnownFileType = text.css; path = obsidian.min.css; sourceTree = "<group>"; };
		8EC07949268993D400000F68 /* lightfair.min.css */ = {isa = PBXFileReference; fileEncoding = 4; lastKnownFileType = text.css; path = lightfair.min.css; sourceTree = "<group>"; };
		8EC0794A268993D400000F68 /* atelier-lakeside-dark.min.css */ = {isa = PBXFileReference; fileEncoding = 4; lastKnownFileType = text.css; path = "atelier-lakeside-dark.min.css"; sourceTree = "<group>"; };
		8EC0794B268993D400000F68 /* gruvbox-light.min.css */ = {isa = PBXFileReference; fileEncoding = 4; lastKnownFileType = text.css; path = "gruvbox-light.min.css"; sourceTree = "<group>"; };
		8EC0794C268993D400000F68 /* idea.min.css */ = {isa = PBXFileReference; fileEncoding = 4; lastKnownFileType = text.css; path = idea.min.css; sourceTree = "<group>"; };
		8EC0794D268993D400000F68 /* tomorrow.min.css */ = {isa = PBXFileReference; fileEncoding = 4; lastKnownFileType = text.css; path = tomorrow.min.css; sourceTree = "<group>"; };
		8EC0794E268993D400000F68 /* atelier-forest-light.min.css */ = {isa = PBXFileReference; fileEncoding = 4; lastKnownFileType = text.css; path = "atelier-forest-light.min.css"; sourceTree = "<group>"; };
		8EC0794F268993D400000F68 /* arduino-light.min.css */ = {isa = PBXFileReference; fileEncoding = 4; lastKnownFileType = text.css; path = "arduino-light.min.css"; sourceTree = "<group>"; };
		8EC07950268993D400000F68 /* gruvbox-dark.min.css */ = {isa = PBXFileReference; fileEncoding = 4; lastKnownFileType = text.css; path = "gruvbox-dark.min.css"; sourceTree = "<group>"; };
		8EC07951268993D400000F68 /* dracula.min.css */ = {isa = PBXFileReference; fileEncoding = 4; lastKnownFileType = text.css; path = dracula.min.css; sourceTree = "<group>"; };
		8EC07952268993D400000F68 /* magula.min.css */ = {isa = PBXFileReference; fileEncoding = 4; lastKnownFileType = text.css; path = magula.min.css; sourceTree = "<group>"; };
		8EC07953268993D400000F68 /* arta.min.css */ = {isa = PBXFileReference; fileEncoding = 4; lastKnownFileType = text.css; path = arta.min.css; sourceTree = "<group>"; };
		8EC07954268993D400000F68 /* purebasic.min.css */ = {isa = PBXFileReference; fileEncoding = 4; lastKnownFileType = text.css; path = purebasic.min.css; sourceTree = "<group>"; };
		8EC07955268993D400000F68 /* hopscotch.min.css */ = {isa = PBXFileReference; fileEncoding = 4; lastKnownFileType = text.css; path = hopscotch.min.css; sourceTree = "<group>"; };
		8EC07956268993D400000F68 /* github.min.css */ = {isa = PBXFileReference; fileEncoding = 4; lastKnownFileType = text.css; path = github.min.css; sourceTree = "<group>"; };
		8EC07957268993D400000F68 /* nord.min.css */ = {isa = PBXFileReference; fileEncoding = 4; lastKnownFileType = text.css; path = nord.min.css; sourceTree = "<group>"; };
		8EC07958268993D400000F68 /* dark.min.css */ = {isa = PBXFileReference; fileEncoding = 4; lastKnownFileType = text.css; path = dark.min.css; sourceTree = "<group>"; };
		8EC07959268993D400000F68 /* atom-one-light.min.css */ = {isa = PBXFileReference; fileEncoding = 4; lastKnownFileType = text.css; path = "atom-one-light.min.css"; sourceTree = "<group>"; };
		8EC0795A268993D400000F68 /* monokai.min.css */ = {isa = PBXFileReference; fileEncoding = 4; lastKnownFileType = text.css; path = monokai.min.css; sourceTree = "<group>"; };
		8EC0795B268993D400000F68 /* docco.min.css */ = {isa = PBXFileReference; fileEncoding = 4; lastKnownFileType = text.css; path = docco.min.css; sourceTree = "<group>"; };
		8EC0795C268993D400000F68 /* default.min.css */ = {isa = PBXFileReference; fileEncoding = 4; lastKnownFileType = text.css; path = default.min.css; sourceTree = "<group>"; };
		8EC0795D268993D400000F68 /* ascetic.min.css */ = {isa = PBXFileReference; fileEncoding = 4; lastKnownFileType = text.css; path = ascetic.min.css; sourceTree = "<group>"; };
		8EC0795E268993D400000F68 /* isbl-editor-light.min.css */ = {isa = PBXFileReference; fileEncoding = 4; lastKnownFileType = text.css; path = "isbl-editor-light.min.css"; sourceTree = "<group>"; };
		8EC0795F268993D400000F68 /* atelier-cave-light.min.css */ = {isa = PBXFileReference; fileEncoding = 4; lastKnownFileType = text.css; path = "atelier-cave-light.min.css"; sourceTree = "<group>"; };
		8EC07960268993D400000F68 /* a11y-dark.min.css */ = {isa = PBXFileReference; fileEncoding = 4; lastKnownFileType = text.css; path = "a11y-dark.min.css"; sourceTree = "<group>"; };
		8EC07961268993D400000F68 /* atelier-sulphurpool-light.min.css */ = {isa = PBXFileReference; fileEncoding = 4; lastKnownFileType = text.css; path = "atelier-sulphurpool-light.min.css"; sourceTree = "<group>"; };
		8EC07962268993D400000F68 /* atelier-plateau-dark.min.css */ = {isa = PBXFileReference; fileEncoding = 4; lastKnownFileType = text.css; path = "atelier-plateau-dark.min.css"; sourceTree = "<group>"; };
		8EC07963268993D400000F68 /* darkula.min.css */ = {isa = PBXFileReference; fileEncoding = 4; lastKnownFileType = text.css; path = darkula.min.css; sourceTree = "<group>"; };
		8EC07964268993D400000F68 /* atelier-cave-dark.min.css */ = {isa = PBXFileReference; fileEncoding = 4; lastKnownFileType = text.css; path = "atelier-cave-dark.min.css"; sourceTree = "<group>"; };
		8EC07965268993D400000F68 /* ir-black.min.css */ = {isa = PBXFileReference; fileEncoding = 4; lastKnownFileType = text.css; path = "ir-black.min.css"; sourceTree = "<group>"; };
		8EC07966268993D400000F68 /* solarized-light.min.css */ = {isa = PBXFileReference; fileEncoding = 4; lastKnownFileType = text.css; path = "solarized-light.min.css"; sourceTree = "<group>"; };
		8EC07967268993D400000F68 /* tomorrow-night-bright.min.css */ = {isa = PBXFileReference; fileEncoding = 4; lastKnownFileType = text.css; path = "tomorrow-night-bright.min.css"; sourceTree = "<group>"; };
		8EC07968268993D400000F68 /* atelier-savanna-light.min.css */ = {isa = PBXFileReference; fileEncoding = 4; lastKnownFileType = text.css; path = "atelier-savanna-light.min.css"; sourceTree = "<group>"; };
		8EC07969268993D400000F68 /* foundation.min.css */ = {isa = PBXFileReference; fileEncoding = 4; lastKnownFileType = text.css; path = foundation.min.css; sourceTree = "<group>"; };
		8EC0796A268993D400000F68 /* codepen-embed.min.css */ = {isa = PBXFileReference; fileEncoding = 4; lastKnownFileType = text.css; path = "codepen-embed.min.css"; sourceTree = "<group>"; };
		8EC0796B268993D400000F68 /* atelier-estuary-dark.min.css */ = {isa = PBXFileReference; fileEncoding = 4; lastKnownFileType = text.css; path = "atelier-estuary-dark.min.css"; sourceTree = "<group>"; };
		8EC0796C268993D400000F68 /* googlecode.min.css */ = {isa = PBXFileReference; fileEncoding = 4; lastKnownFileType = text.css; path = googlecode.min.css; sourceTree = "<group>"; };
		8EC0796D268993D400000F68 /* atom-one-dark-reasonable.min.css */ = {isa = PBXFileReference; fileEncoding = 4; lastKnownFileType = text.css; path = "atom-one-dark-reasonable.min.css"; sourceTree = "<group>"; };
		8EC0796E268993D400000F68 /* atelier-dune-light.min.css */ = {isa = PBXFileReference; fileEncoding = 4; lastKnownFileType = text.css; path = "atelier-dune-light.min.css"; sourceTree = "<group>"; };
		8EC0796F268993D400000F68 /* paraiso-dark.min.css */ = {isa = PBXFileReference; fileEncoding = 4; lastKnownFileType = text.css; path = "paraiso-dark.min.css"; sourceTree = "<group>"; };
		8EC07970268993D400000F68 /* zenburn.min.css */ = {isa = PBXFileReference; fileEncoding = 4; lastKnownFileType = text.css; path = zenburn.min.css; sourceTree = "<group>"; };
		8EC07971268993D400000F68 /* androidstudio.min.css */ = {isa = PBXFileReference; fileEncoding = 4; lastKnownFileType = text.css; path = androidstudio.min.css; sourceTree = "<group>"; };
		8EC07972268993D400000F68 /* grayscale.min.css */ = {isa = PBXFileReference; fileEncoding = 4; lastKnownFileType = text.css; path = grayscale.min.css; sourceTree = "<group>"; };
		8EC07973268993D400000F68 /* sunburst.min.css */ = {isa = PBXFileReference; fileEncoding = 4; lastKnownFileType = text.css; path = sunburst.min.css; sourceTree = "<group>"; };
		8EC07974268993D400000F68 /* agate.min.css */ = {isa = PBXFileReference; fileEncoding = 4; lastKnownFileType = text.css; path = agate.min.css; sourceTree = "<group>"; };
		8EC07975268993D400000F68 /* hybrid.min.css */ = {isa = PBXFileReference; fileEncoding = 4; lastKnownFileType = text.css; path = hybrid.min.css; sourceTree = "<group>"; };
		8EC07976268993D400000F68 /* darcula.min.css */ = {isa = PBXFileReference; fileEncoding = 4; lastKnownFileType = text.css; path = darcula.min.css; sourceTree = "<group>"; };
		8EC07977268993D400000F68 /* atelier-lakeside-light.min.css */ = {isa = PBXFileReference; fileEncoding = 4; lastKnownFileType = text.css; path = "atelier-lakeside-light.min.css"; sourceTree = "<group>"; };
		8EC07978268993D400000F68 /* monokai-sublime.min.css */ = {isa = PBXFileReference; fileEncoding = 4; lastKnownFileType = text.css; path = "monokai-sublime.min.css"; sourceTree = "<group>"; };
		8EC07979268993D400000F68 /* an-old-hope.min.css */ = {isa = PBXFileReference; fileEncoding = 4; lastKnownFileType = text.css; path = "an-old-hope.min.css"; sourceTree = "<group>"; };
		8EC0797B268993D400000F68 /* LICENSE */ = {isa = PBXFileReference; fileEncoding = 4; lastKnownFileType = text; path = LICENSE; sourceTree = "<group>"; };
		8EC0797C268993D400000F68 /* highlight.min.js */ = {isa = PBXFileReference; fileEncoding = 4; lastKnownFileType = sourcecode.javascript; path = highlight.min.js; sourceTree = "<group>"; };
		8EC3AAC1269E9EAD00CE0262 /* CustomBackgroundView.swift */ = {isa = PBXFileReference; lastKnownFileType = sourcecode.swift; path = CustomBackgroundView.swift; sourceTree = "<group>"; };
		8ED4E1132755B81F004A682A /* JSONConverterTests.xctest */ = {isa = PBXFileReference; explicitFileType = wrapper.cfbundle; includeInIndex = 0; path = JSONConverterTests.xctest; sourceTree = BUILT_PRODUCTS_DIR; };
		8ED4E1152755B81F004A682A /* JSONConverterTests.swift */ = {isa = PBXFileReference; lastKnownFileType = sourcecode.swift; path = JSONConverterTests.swift; sourceTree = "<group>"; };
		8ED4E1172755B81F004A682A /* Info.plist */ = {isa = PBXFileReference; lastKnownFileType = text.plist.xml; path = Info.plist; sourceTree = "<group>"; };
		8EE44C72276301FE0024D730 /* HandyJSONBuilder.swift */ = {isa = PBXFileReference; lastKnownFileType = sourcecode.swift; path = HandyJSONBuilder.swift; sourceTree = "<group>"; };
		8EE44C742763024D0024D730 /* CodableBuilder.swift */ = {isa = PBXFileReference; lastKnownFileType = sourcecode.swift; path = CodableBuilder.swift; sourceTree = "<group>"; };
		A5616FC0D45A20ACDD4996AD /* Pods-JSONConverterTests.debug.xcconfig */ = {isa = PBXFileReference; includeInIndex = 1; lastKnownFileType = text.xcconfig; name = "Pods-JSONConverterTests.debug.xcconfig"; path = "Target Support Files/Pods-JSONConverterTests/Pods-JSONConverterTests.debug.xcconfig"; sourceTree = "<group>"; };
		AF634CD0F54405DD58FAB7E4 /* Pods-JSONConverterTests.release.xcconfig */ = {isa = PBXFileReference; includeInIndex = 1; lastKnownFileType = text.xcconfig; name = "Pods-JSONConverterTests.release.xcconfig"; path = "Target Support Files/Pods-JSONConverterTests/Pods-JSONConverterTests.release.xcconfig"; sourceTree = "<group>"; };
/* End PBXFileReference section */

/* Begin PBXFrameworksBuildPhase section */
		7B4B5EA7201B87A10098712B /* Frameworks */ = {
			isa = PBXFrameworksBuildPhase;
			buildActionMask = 2147483647;
			files = (
				72F882CB3902A83D2B2B87B7 /* Pods_JSONConverter.framework in Frameworks */,
			);
			runOnlyForDeploymentPostprocessing = 0;
		};
		7BDF296C202BDB7C00B7E2F5 /* Frameworks */ = {
			isa = PBXFrameworksBuildPhase;
			buildActionMask = 2147483647;
			files = (
				E6BC523AD970DF582B685B5A /* Pods_JSONConverter_JSONConverterUITests.framework in Frameworks */,
			);
			runOnlyForDeploymentPostprocessing = 0;
		};
		8ED4E1102755B81F004A682A /* Frameworks */ = {
			isa = PBXFrameworksBuildPhase;
			buildActionMask = 2147483647;
			files = (
				C456BF34489448A596582A22 /* Pods_JSONConverterTests.framework in Frameworks */,
			);
			runOnlyForDeploymentPostprocessing = 0;
		};
/* End PBXFrameworksBuildPhase section */

/* Begin PBXGroup section */
		25B861C7B63951D05DE37B14 /* Pods */ = {
			isa = PBXGroup;
			children = (
				534B6E6532347C4C75A6C372 /* Pods-JSONConverter.debug.xcconfig */,
				05AB8A8E6D68BAB20085C224 /* Pods-JSONConverter.release.xcconfig */,
				284ACF227ADB7DDD725B0195 /* Pods-JSONConverter-JSONConverterUITests.debug.xcconfig */,
				7812C44FB05AF4F67F19D831 /* Pods-JSONConverter-JSONConverterUITests.release.xcconfig */,
				A5616FC0D45A20ACDD4996AD /* Pods-JSONConverterTests.debug.xcconfig */,
				AF634CD0F54405DD58FAB7E4 /* Pods-JSONConverterTests.release.xcconfig */,
			);
			path = Pods;
			sourceTree = "<group>";
		};
		7B2D34F122E603C7009D2ED2 /* Resources */ = {
			isa = PBXGroup;
			children = (
				7B95A32424F95F69000D141B /* Localizable.strings */,
				7B2D34F822E6072A009D2ED2 /* wechat.jpeg */,
			);
			path = Resources;
			sourceTree = "<group>";
		};
		7B2E9EE92760F2AE00151B99 /* Builder */ = {
			isa = PBXGroup;
			children = (
				7B2E9EEA2760F3B000151B99 /* BuilderProtocol.swift */,
				7B2E9EEC2760FA3300151B99 /* ObjCBuilder.swift */,
				7B2E9EEF2761062D00151B99 /* SwiftBuilder.swift */,
				8E2EE4122761A4F800FABCA0 /* SwiftyJSONBuilder.swift */,
				8E2EE4142761AF8800FABCA0 /* ObjectMapperBuilder.swift */,
				8E2EE4162761B1D600FABCA0 /* FlutterBuilder.swift */,
				8EE44C72276301FE0024D730 /* HandyJSONBuilder.swift */,
				8EE44C742763024D0024D730 /* CodableBuilder.swift */,
			);
			path = Builder;
			sourceTree = "<group>";
		};
		7B45DAE9202A95BE007E8D56 /* JSONConverter */ = {
			isa = PBXGroup;
			children = (
				7B45DAEA202A95BE007E8D56 /* Classes */,
				7B2D34F122E603C7009D2ED2 /* Resources */,
				8EEE5B7225184E8C00004C58 /* Vendor */,
				7B45DAF5202A95BE007E8D56 /* JSONConverter.entitlements */,
				7B45DAF6202A95BE007E8D56 /* Assets.xcassets */,
				7B45DAF7202A95BE007E8D56 /* MainMenu.xib */,
				7B45DAF9202A95BE007E8D56 /* AppDelegate.swift */,
				7B45DAFA202A95BE007E8D56 /* Info.plist */,
				8E9E8D09268202C300F778D0 /* JSONConverter-Bridging-Header.h */,
			);
			path = JSONConverter;
			sourceTree = "<group>";
		};
		7B45DAEA202A95BE007E8D56 /* Classes */ = {
			isa = PBXGroup;
			children = (
				7B2E9EE92760F2AE00151B99 /* Builder */,
				8EE44C762763312A0024D730 /* Common */,
				7BF1DD2E24FBA3B70090B531 /* Manager */,
				7BF1DD2D24FBA3930090B531 /* Controller */,
				7BD7FEDE202AC85B0003AE80 /* Model */,
				8EBE0D08251200A7003A4B4B /* View */,
			);
			path = Classes;
			sourceTree = "<group>";
		};
		7B4B5EA1201B87A10098712B = {
			isa = PBXGroup;
			children = (
				7B45DAE9202A95BE007E8D56 /* JSONConverter */,
				7BDF2970202BDB7D00B7E2F5 /* JSONConverterUITests */,
				8ED4E1142755B81F004A682A /* JSONConverterTests */,
				7B4B5EAB201B87A10098712B /* Products */,
				25B861C7B63951D05DE37B14 /* Pods */,
				B286FCCA305CDB4D252943BF /* Frameworks */,
			);
			sourceTree = "<group>";
		};
		7B4B5EAB201B87A10098712B /* Products */ = {
			isa = PBXGroup;
			children = (
				7B4B5EAA201B87A10098712B /* JSONConverter.app */,
				7BDF296F202BDB7C00B7E2F5 /* JSONConverterUITests.xctest */,
				8ED4E1132755B81F004A682A /* JSONConverterTests.xctest */,
			);
			name = Products;
			sourceTree = "<group>";
		};
		7B95A31F24F95ECE000D141B /* Extension */ = {
			isa = PBXGroup;
			children = (
				8E1B82962508B22B00E8CA95 /* NSTextView+LineNumberRulerView.swift */,
				8E68571C22850F4800DCDF2E /* Notification+Extension.swift */,
				7B7D5AE524FA520800A54D27 /* Date+Extension.swift */,
				8EB0531324FCDABF00B96D79 /* NSColor+Extension.swift */,
				7B45DAF4202A95BE007E8D56 /* String+Extension.swift */,
				8E1B82982508ED6400E8CA95 /* NSLayoutConstraint+Extension.swift */,
			);
			path = Extension;
			sourceTree = "<group>";
		};
		7BD7FEDE202AC85B0003AE80 /* Model */ = {
			isa = PBXGroup;
			children = (
				8E43D13922E81E6D00F52C8E /* Version.swift */,
				7B45DB0E202AA572007E8D56 /* File.swift */,
				7BD7FED9202AC7C10003AE80 /* Content.swift */,
				7BD7FEDB202AC7EB0003AE80 /* Property.swift */,
				8E542C30251350080053C1E0 /* Export.swift */,
			);
			path = Model;
			sourceTree = "<group>";
		};
		7BDF2970202BDB7D00B7E2F5 /* JSONConverterUITests */ = {
			isa = PBXGroup;
			children = (
				7BDF2971202BDB7D00B7E2F5 /* JSONConverterUITests.swift */,
				7BDF2973202BDB7D00B7E2F5 /* Info.plist */,
			);
			path = JSONConverterUITests;
			sourceTree = "<group>";
		};
		7BF1DD2D24FBA3930090B531 /* Controller */ = {
			isa = PBXGroup;
			children = (
				7B45DAEE202A95BE007E8D56 /* MainWindowController.swift */,
				7B45DAF2202A95BE007E8D56 /* MainWindowController.xib */,
				7B45DAEF202A95BE007E8D56 /* MainViewController.swift */,
				7B45DAED202A95BE007E8D56 /* MainViewController.xib */,
				8E2A9D0024F9201F00F03DCB /* SettingViewController.swift */,
				8E2A9D0124F9201F00F03DCB /* SettingViewController.xib */,
				8E43D13B22E8235A00F52C8E /* UpgradeViewController.swift */,
				8E43D13C22E8235A00F52C8E /* UpgradeViewController.xib */,
			);
			path = Controller;
			sourceTree = "<group>";
		};
		7BF1DD2E24FBA3B70090B531 /* Manager */ = {
			isa = PBXGroup;
			children = (
				7B45DAEC202A95BE007E8D56 /* JSONProcesser.swift */,
				7B7D5AE324FA345C00A54D27 /* CacheManager.swift */,
			);
			path = Manager;
			sourceTree = "<group>";
		};
		8E1945E82508A23C00E7CDCC /* Macros */ = {
			isa = PBXGroup;
			children = (
				8E1945E92508A3CE00E7CDCC /* Enums.swift */,
			);
			path = Macros;
			sourceTree = "<group>";
		};
		8E43D13522E7E83F00F52C8E /* Utils */ = {
			isa = PBXGroup;
			children = (
				8E43D13622E7E85600F52C8E /* UpgradeUtils.swift */,
				7B7D5AE124FA2B2700A54D27 /* StringUtils.swift */,
			);
			path = Utils;
			sourceTree = "<group>";
		};
		8EBE0D08251200A7003A4B4B /* View */ = {
			isa = PBXGroup;
			children = (
				8E542C2E25130C160053C1E0 /* PanGestureIndicatorView.swift */,
				8EC3AAC1269E9EAD00CE0262 /* CustomBackgroundView.swift */,
			);
			path = View;
			sourceTree = "<group>";
		};
		8EC07916268993D400000F68 /* Highlightr */ = {
			isa = PBXGroup;
			children = (
				8EC07917268993D400000F68 /* Classes */,
				8EC0791E268993D400000F68 /* Assets */,
			);
			path = Highlightr;
			sourceTree = "<group>";
		};
		8EC07917268993D400000F68 /* Classes */ = {
			isa = PBXGroup;
			children = (
				8EC07918268993D400000F68 /* CodeAttributedString.swift */,
				8EC07919268993D400000F68 /* Highlightr.swift */,
				8EC0791B268993D400000F68 /* HTMLUtils.swift */,
				8EC0791C268993D400000F68 /* Theme.swift */,
				8EC0791D268993D400000F68 /* Shims.swift */,
			);
			path = Classes;
			sourceTree = "<group>";
		};
		8EC0791E268993D400000F68 /* Assets */ = {
			isa = PBXGroup;
			children = (
				8EC07920268993D400000F68 /* styles */,
				8EC0797A268993D400000F68 /* Highlighter */,
			);
			path = Assets;
			sourceTree = "<group>";
		};
		8EC07920268993D400000F68 /* styles */ = {
			isa = PBXGroup;
			children = (
				8EC07921268993D400000F68 /* vs.min.css */,
				8EC07922268993D400000F68 /* atelier-seaside-dark.min.css */,
				8EC07923268993D400000F68 /* isbl-editor-dark.min.css */,
				8EC07924268993D400000F68 /* brown-paper.min.css */,
				8EC07925268993D400000F68 /* atelier-plateau-light.min.css */,
				8EC07926268993D400000F68 /* school-book.min.css */,
				8EC07927268993D400000F68 /* xcode.min.css */,
				8EC07928268993D400000F68 /* atelier-sulphurpool-dark.min.css */,
				8EC07929268993D400000F68 /* tomorrow-night-blue.min.css */,
				8EC0792A268993D400000F68 /* vs2015.min.css */,
				8EC0792B268993D400000F68 /* atelier-heath-dark.min.css */,
				8EC0792C268993D400000F68 /* paraiso-light.min.css */,
				8EC0792D268993D400000F68 /* rainbow.min.css */,
				8EC0792E268993D400000F68 /* qtcreator_light.min.css */,
				8EC0792F268993D400000F68 /* a11y-light.min.css */,
				8EC07930268993D400000F68 /* kimbie.dark.min.css */,
				8EC07931268993D400000F68 /* atelier-heath-light.min.css */,
				8EC07932268993D400000F68 /* far.min.css */,
				8EC07933268993D400000F68 /* atelier-dune-dark.min.css */,
				8EC07934268993D400000F68 /* shades-of-purple.min.css */,
				8EC07935268993D400000F68 /* kimbie.light.min.css */,
				8EC07936268993D400000F68 /* railscasts.min.css */,
				8EC07937268993D400000F68 /* solarized-dark.min.css */,
				8EC07938268993D400000F68 /* atelier-estuary-light.min.css */,
				8EC07939268993D400000F68 /* xt256.min.css */,
				8EC0793A268993D400000F68 /* mono-blue.min.css */,
				8EC0793B268993D400000F68 /* ocean.min.css */,
				8EC0793C268993D400000F68 /* github-gist.min.css */,
				8EC0793D268993D400000F68 /* atelier-seaside-light.min.css */,
				8EC0793E268993D400000F68 /* tomorrow-night-eighties.min.css */,
				8EC0793F268993D400000F68 /* atom-one-dark.min.css */,
				8EC07940268993D400000F68 /* qtcreator_dark.min.css */,
				8EC07941268993D400000F68 /* atelier-savanna-dark.min.css */,
				8EC07942268993D400000F68 /* color-brewer.min.css */,
				8EC07943268993D400000F68 /* pojoaque.min.css */,
				8EC07944268993D400000F68 /* routeros.min.css */,
				8EC07945268993D400000F68 /* atelier-forest-dark.min.css */,
				8EC07946268993D400000F68 /* gml.min.css */,
				8EC07947268993D400000F68 /* tomorrow-night.min.css */,
				8EC07948268993D400000F68 /* obsidian.min.css */,
				8EC07949268993D400000F68 /* lightfair.min.css */,
				8EC0794A268993D400000F68 /* atelier-lakeside-dark.min.css */,
				8EC0794B268993D400000F68 /* gruvbox-light.min.css */,
				8EC0794C268993D400000F68 /* idea.min.css */,
				8EC0794D268993D400000F68 /* tomorrow.min.css */,
				8EC0794E268993D400000F68 /* atelier-forest-light.min.css */,
				8EC0794F268993D400000F68 /* arduino-light.min.css */,
				8EC07950268993D400000F68 /* gruvbox-dark.min.css */,
				8EC07951268993D400000F68 /* dracula.min.css */,
				8EC07952268993D400000F68 /* magula.min.css */,
				8EC07953268993D400000F68 /* arta.min.css */,
				8EC07954268993D400000F68 /* purebasic.min.css */,
				8EC07955268993D400000F68 /* hopscotch.min.css */,
				8EC07956268993D400000F68 /* github.min.css */,
				8EC07957268993D400000F68 /* nord.min.css */,
				8EC07958268993D400000F68 /* dark.min.css */,
				8EC07959268993D400000F68 /* atom-one-light.min.css */,
				8EC0795A268993D400000F68 /* monokai.min.css */,
				8EC0795B268993D400000F68 /* docco.min.css */,
				8EC0795C268993D400000F68 /* default.min.css */,
				8EC0795D268993D400000F68 /* ascetic.min.css */,
				8EC0795E268993D400000F68 /* isbl-editor-light.min.css */,
				8EC0795F268993D400000F68 /* atelier-cave-light.min.css */,
				8EC07960268993D400000F68 /* a11y-dark.min.css */,
				8EC07961268993D400000F68 /* atelier-sulphurpool-light.min.css */,
				8EC07962268993D400000F68 /* atelier-plateau-dark.min.css */,
				8EC07963268993D400000F68 /* darkula.min.css */,
				8EC07964268993D400000F68 /* atelier-cave-dark.min.css */,
				8EC07965268993D400000F68 /* ir-black.min.css */,
				8EC07966268993D400000F68 /* solarized-light.min.css */,
				8EC07967268993D400000F68 /* tomorrow-night-bright.min.css */,
				8EC07968268993D400000F68 /* atelier-savanna-light.min.css */,
				8EC07969268993D400000F68 /* foundation.min.css */,
				8EC0796A268993D400000F68 /* codepen-embed.min.css */,
				8EC0796B268993D400000F68 /* atelier-estuary-dark.min.css */,
				8EC0796C268993D400000F68 /* googlecode.min.css */,
				8EC0796D268993D400000F68 /* atom-one-dark-reasonable.min.css */,
				8EC0796E268993D400000F68 /* atelier-dune-light.min.css */,
				8EC0796F268993D400000F68 /* paraiso-dark.min.css */,
				8EC07970268993D400000F68 /* zenburn.min.css */,
				8EC07971268993D400000F68 /* androidstudio.min.css */,
				8EC07972268993D400000F68 /* grayscale.min.css */,
				8EC07973268993D400000F68 /* sunburst.min.css */,
				8EC07974268993D400000F68 /* agate.min.css */,
				8EC07975268993D400000F68 /* hybrid.min.css */,
				8EC07976268993D400000F68 /* darcula.min.css */,
				8EC07977268993D400000F68 /* atelier-lakeside-light.min.css */,
				8EC07978268993D400000F68 /* monokai-sublime.min.css */,
				8EC07979268993D400000F68 /* an-old-hope.min.css */,
			);
			path = styles;
			sourceTree = "<group>";
		};
		8EC0797A268993D400000F68 /* Highlighter */ = {
			isa = PBXGroup;
			children = (
				8EC0797B268993D400000F68 /* LICENSE */,
				8EC0797C268993D400000F68 /* highlight.min.js */,
			);
			path = Highlighter;
			sourceTree = "<group>";
		};
		8ED4E1142755B81F004A682A /* JSONConverterTests */ = {
			isa = PBXGroup;
			children = (
				8ED4E1152755B81F004A682A /* JSONConverterTests.swift */,
				8ED4E1172755B81F004A682A /* Info.plist */,
			);
			path = JSONConverterTests;
			sourceTree = "<group>";
		};
		8EE44C762763312A0024D730 /* Common */ = {
			isa = PBXGroup;
			children = (
				8E1945E82508A23C00E7CDCC /* Macros */,
				7B95A31F24F95ECE000D141B /* Extension */,
				8E43D13522E7E83F00F52C8E /* Utils */,
			);
			path = Common;
			sourceTree = "<group>";
		};
		8EEE5B7225184E8C00004C58 /* Vendor */ = {
			isa = PBXGroup;
			children = (
				8EC07916268993D400000F68 /* Highlightr */,
			);
			path = Vendor;
			sourceTree = "<group>";
		};
		B286FCCA305CDB4D252943BF /* Frameworks */ = {
			isa = PBXGroup;
			children = (
				0A1B06A2A6658E22A04ECD66 /* Pods_JSONConverter.framework */,
				8D44DED0DB8DD93A1422B237 /* Pods_JSONConverter_JSONConverterUITests.framework */,
				2E9D7C2DF5479CDC7B89A152 /* Pods_JSONConverterTests.framework */,
			);
			name = Frameworks;
			sourceTree = "<group>";
		};
/* End PBXGroup section */

/* Begin PBXNativeTarget section */
		7B4B5EA9201B87A10098712B /* JSONConverter */ = {
			isa = PBXNativeTarget;
			buildConfigurationList = 7B4B5EB8201B87A10098712B /* Build configuration list for PBXNativeTarget "JSONConverter" */;
			buildPhases = (
				2CA6A2FA811EA66474914587 /* [CP] Check Pods Manifest.lock */,
				7B4B5EA6201B87A10098712B /* Sources */,
				7B4B5EA7201B87A10098712B /* Frameworks */,
				7B4B5EA8201B87A10098712B /* Resources */,
				7B2E9EEE276104AB00151B99 /* ShellScript */,
			);
			buildRules = (
			);
			dependencies = (
			);
			name = JSONConverter;
			productName = JSONConverter;
			productReference = 7B4B5EAA201B87A10098712B /* JSONConverter.app */;
			productType = "com.apple.product-type.application";
		};
		7BDF296E202BDB7C00B7E2F5 /* JSONConverterUITests */ = {
			isa = PBXNativeTarget;
			buildConfigurationList = 7BDF2978202BDB7D00B7E2F5 /* Build configuration list for PBXNativeTarget "JSONConverterUITests" */;
			buildPhases = (
				27FF31990257AB50F1F0DFCE /* [CP] Check Pods Manifest.lock */,
				7BDF296B202BDB7C00B7E2F5 /* Sources */,
				7BDF296C202BDB7C00B7E2F5 /* Frameworks */,
				7BDF296D202BDB7C00B7E2F5 /* Resources */,
			);
			buildRules = (
			);
			dependencies = (
				7BDF2975202BDB7D00B7E2F5 /* PBXTargetDependency */,
			);
			name = JSONConverterUITests;
			productName = JSONConverterUITests;
			productReference = 7BDF296F202BDB7C00B7E2F5 /* JSONConverterUITests.xctest */;
			productType = "com.apple.product-type.bundle.ui-testing";
		};
		8ED4E1122755B81F004A682A /* JSONConverterTests */ = {
			isa = PBXNativeTarget;
			buildConfigurationList = 8ED4E11C2755B81F004A682A /* Build configuration list for PBXNativeTarget "JSONConverterTests" */;
			buildPhases = (
				DC4F461EF08D19C117C896CF /* [CP] Check Pods Manifest.lock */,
				8ED4E10F2755B81F004A682A /* Sources */,
				8ED4E1102755B81F004A682A /* Frameworks */,
				8ED4E1112755B81F004A682A /* Resources */,
			);
			buildRules = (
			);
			dependencies = (
				8ED4E1192755B81F004A682A /* PBXTargetDependency */,
			);
			name = JSONConverterTests;
			productName = JSONConverterTests;
			productReference = 8ED4E1132755B81F004A682A /* JSONConverterTests.xctest */;
			productType = "com.apple.product-type.bundle.unit-test";
		};
/* End PBXNativeTarget section */

/* Begin PBXProject section */
		7B4B5EA2201B87A10098712B /* Project object */ = {
			isa = PBXProject;
			attributes = {
				CLASSPREFIX = "";
				LastSwiftUpdateCheck = 1250;
				LastUpgradeCheck = 1200;
				ORGANIZATIONNAME = "姚巍";
				TargetAttributes = {
					7B4B5EA9201B87A10098712B = {
						CreatedOnToolsVersion = 9.2;
						LastSwiftMigration = 0920;
						ProvisioningStyle = Automatic;
						SystemCapabilities = {
							com.apple.Sandbox = {
								enabled = 1;
							};
						};
					};
					7BDF296E202BDB7C00B7E2F5 = {
						CreatedOnToolsVersion = 9.2;
						LastSwiftMigration = 1160;
						ProvisioningStyle = Automatic;
						TestTargetID = 7B4B5EA9201B87A10098712B;
					};
					8ED4E1122755B81F004A682A = {
						CreatedOnToolsVersion = 12.5.1;
						ProvisioningStyle = Automatic;
						TestTargetID = 7B4B5EA9201B87A10098712B;
					};
				};
			};
			buildConfigurationList = 7B4B5EA5201B87A10098712B /* Build configuration list for PBXProject "JSONConverter" */;
			compatibilityVersion = "Xcode 8.0";
			developmentRegion = en;
			hasScannedForEncodings = 0;
			knownRegions = (
				en,
				Base,
				"zh-Hans",
			);
			mainGroup = 7B4B5EA1201B87A10098712B;
			productRefGroup = 7B4B5EAB201B87A10098712B /* Products */;
			projectDirPath = "";
			projectRoot = "";
			targets = (
				7B4B5EA9201B87A10098712B /* JSONConverter */,
				7BDF296E202BDB7C00B7E2F5 /* JSONConverterUITests */,
				8ED4E1122755B81F004A682A /* JSONConverterTests */,
			);
		};
/* End PBXProject section */

/* Begin PBXResourcesBuildPhase section */
		7B4B5EA8201B87A10098712B /* Resources */ = {
			isa = PBXResourcesBuildPhase;
			buildActionMask = 2147483647;
			files = (
				8EC07996268993D400000F68 /* atelier-dune-dark.min.css in Resources */,
				8EC079C4268993D400000F68 /* atelier-sulphurpool-light.min.css in Resources */,
				8EC079C9268993D400000F68 /* solarized-light.min.css in Resources */,
				8EC0799F268993D400000F68 /* github-gist.min.css in Resources */,
				8EC07990268993D400000F68 /* rainbow.min.css in Resources */,
				8EC079BA268993D400000F68 /* nord.min.css in Resources */,
				8EC0798D268993D400000F68 /* vs2015.min.css in Resources */,
				8EC07988268993D400000F68 /* atelier-plateau-light.min.css in Resources */,
				8EC07993268993D400000F68 /* kimbie.dark.min.css in Resources */,
				8EC079AC268993D400000F68 /* lightfair.min.css in Resources */,
				7B45DB04202A95BF007E8D56 /* MainWindowController.xib in Resources */,
				8EC0799E268993D400000F68 /* ocean.min.css in Resources */,
				8E2A9D0324F9201F00F03DCB /* SettingViewController.xib in Resources */,
				8EC079A3268993D400000F68 /* qtcreator_dark.min.css in Resources */,
				8EC079D7268993D400000F68 /* agate.min.css in Resources */,
				8EC079C2268993D400000F68 /* atelier-cave-light.min.css in Resources */,
				8EC0799B268993D400000F68 /* atelier-estuary-light.min.css in Resources */,
				8EC079DE268993D400000F68 /* highlight.min.js in Resources */,
				8EC079A2268993D400000F68 /* atom-one-dark.min.css in Resources */,
				8EC079D5268993D400000F68 /* grayscale.min.css in Resources */,
				8EC079AA268993D400000F68 /* tomorrow-night.min.css in Resources */,
				8EC079AF268993D400000F68 /* idea.min.css in Resources */,
				8EC079A7268993D400000F68 /* routeros.min.css in Resources */,
				8EC0799D268993D400000F68 /* mono-blue.min.css in Resources */,
				8EC079A8268993D400000F68 /* atelier-forest-dark.min.css in Resources */,
				8EC079D3268993D400000F68 /* zenburn.min.css in Resources */,
				8EC079AE268993D400000F68 /* gruvbox-light.min.css in Resources */,
				8EC079D2268993D400000F68 /* paraiso-dark.min.css in Resources */,
				8E43D13E22E8235A00F52C8E /* UpgradeViewController.xib in Resources */,
				8EC0798E268993D400000F68 /* atelier-heath-dark.min.css in Resources */,
				8EC079C3268993D400000F68 /* a11y-dark.min.css in Resources */,
				8EC079CD268993D400000F68 /* codepen-embed.min.css in Resources */,
				8EC079B2268993D400000F68 /* arduino-light.min.css in Resources */,
				8EC079B7268993D400000F68 /* purebasic.min.css in Resources */,
				8EC0798F268993D400000F68 /* paraiso-light.min.css in Resources */,
				8EC079DD268993D400000F68 /* LICENSE in Resources */,
				8EC079CE268993D400000F68 /* atelier-estuary-dark.min.css in Resources */,
				8EC079DA268993D400000F68 /* atelier-lakeside-light.min.css in Resources */,
				8EC079BB268993D400000F68 /* dark.min.css in Resources */,
				8EC079B4268993D400000F68 /* dracula.min.css in Resources */,
				8EC079A5268993D400000F68 /* color-brewer.min.css in Resources */,
				8EC0798C268993D400000F68 /* tomorrow-night-blue.min.css in Resources */,
				8EC079C1268993D400000F68 /* isbl-editor-light.min.css in Resources */,
				8EC079B0268993D400000F68 /* tomorrow.min.css in Resources */,
				8EC079DB268993D400000F68 /* monokai-sublime.min.css in Resources */,
				8EC079A9268993D400000F68 /* gml.min.css in Resources */,
				8EC079C5268993D400000F68 /* atelier-plateau-dark.min.css in Resources */,
				8EC079D1268993D400000F68 /* atelier-dune-light.min.css in Resources */,
				8EC079C6268993D400000F68 /* darkula.min.css in Resources */,
				8EC07994268993D400000F68 /* atelier-heath-light.min.css in Resources */,
				8EC07997268993D400000F68 /* shades-of-purple.min.css in Resources */,
				8EC0799C268993D400000F68 /* xt256.min.css in Resources */,
				8EC079BE268993D400000F68 /* docco.min.css in Resources */,
				8EC0798A268993D400000F68 /* xcode.min.css in Resources */,
				8EC07995268993D400000F68 /* far.min.css in Resources */,
				8EC079B3268993D400000F68 /* gruvbox-dark.min.css in Resources */,
				8EC079B6268993D400000F68 /* arta.min.css in Resources */,
				8EC079C8268993D400000F68 /* ir-black.min.css in Resources */,
				8EC079B8268993D400000F68 /* hopscotch.min.css in Resources */,
				8EC079B1268993D400000F68 /* atelier-forest-light.min.css in Resources */,
				7B45DB06202A95BF007E8D56 /* Assets.xcassets in Resources */,
				8EC079C0268993D400000F68 /* ascetic.min.css in Resources */,
				8EC07991268993D400000F68 /* qtcreator_light.min.css in Resources */,
				7B95A32224F95F69000D141B /* Localizable.strings in Resources */,
				8EC079DC268993D400000F68 /* an-old-hope.min.css in Resources */,
				8EC07984268993D400000F68 /* vs.min.css in Resources */,
				8EC079CA268993D400000F68 /* tomorrow-night-bright.min.css in Resources */,
				8EC079BC268993D400000F68 /* atom-one-light.min.css in Resources */,
				8EC07999268993D400000F68 /* railscasts.min.css in Resources */,
				8EC079CC268993D400000F68 /* foundation.min.css in Resources */,
				8EC079AD268993D400000F68 /* atelier-lakeside-dark.min.css in Resources */,
				7B45DAFF202A95BF007E8D56 /* MainViewController.xib in Resources */,
				8EC079A0268993D400000F68 /* atelier-seaside-light.min.css in Resources */,
				8EC079A6268993D400000F68 /* pojoaque.min.css in Resources */,
				8EC079D4268993D400000F68 /* androidstudio.min.css in Resources */,
				8EC079B5268993D400000F68 /* magula.min.css in Resources */,
				8EC07987268993D400000F68 /* brown-paper.min.css in Resources */,
				8EC07998268993D400000F68 /* kimbie.light.min.css in Resources */,
				8EC079C7268993D400000F68 /* atelier-cave-dark.min.css in Resources */,
				8EC079A1268993D400000F68 /* tomorrow-night-eighties.min.css in Resources */,
				8EC079D0268993D400000F68 /* atom-one-dark-reasonable.min.css in Resources */,
				8EC079A4268993D400000F68 /* atelier-savanna-dark.min.css in Resources */,
				8EC07985268993D400000F68 /* atelier-seaside-dark.min.css in Resources */,
				8EC079D8268993D400000F68 /* hybrid.min.css in Resources */,
				8EC079BD268993D400000F68 /* monokai.min.css in Resources */,
				8EC07989268993D400000F68 /* school-book.min.css in Resources */,
				8EC079D6268993D400000F68 /* sunburst.min.css in Resources */,
				8EC079D9268993D400000F68 /* darcula.min.css in Resources */,
				8EC079CF268993D400000F68 /* googlecode.min.css in Resources */,
				7B2D34F922E6072B009D2ED2 /* wechat.jpeg in Resources */,
				8EC07986268993D400000F68 /* isbl-editor-dark.min.css in Resources */,
				8EC079B9268993D400000F68 /* github.min.css in Resources */,
				8EC07992268993D400000F68 /* a11y-light.min.css in Resources */,
				8EC079AB268993D400000F68 /* obsidian.min.css in Resources */,
				8EC0798B268993D400000F68 /* atelier-sulphurpool-dark.min.css in Resources */,
				8EC079CB268993D400000F68 /* atelier-savanna-light.min.css in Resources */,
				8EC079BF268993D400000F68 /* default.min.css in Resources */,
				7B45DB07202A95BF007E8D56 /* MainMenu.xib in Resources */,
				8EC0799A268993D400000F68 /* solarized-dark.min.css in Resources */,
			);
			runOnlyForDeploymentPostprocessing = 0;
		};
		7BDF296D202BDB7C00B7E2F5 /* Resources */ = {
			isa = PBXResourcesBuildPhase;
			buildActionMask = 2147483647;
			files = (
			);
			runOnlyForDeploymentPostprocessing = 0;
		};
		8ED4E1112755B81F004A682A /* Resources */ = {
			isa = PBXResourcesBuildPhase;
			buildActionMask = 2147483647;
			files = (
			);
			runOnlyForDeploymentPostprocessing = 0;
		};
/* End PBXResourcesBuildPhase section */

/* Begin PBXShellScriptBuildPhase section */
		27FF31990257AB50F1F0DFCE /* [CP] Check Pods Manifest.lock */ = {
			isa = PBXShellScriptBuildPhase;
			buildActionMask = 2147483647;
			files = (
			);
			inputFileListPaths = (
			);
			inputPaths = (
				"${PODS_PODFILE_DIR_PATH}/Podfile.lock",
				"${PODS_ROOT}/Manifest.lock",
			);
			name = "[CP] Check Pods Manifest.lock";
			outputFileListPaths = (
			);
			outputPaths = (
				"$(DERIVED_FILE_DIR)/Pods-JSONConverter-JSONConverterUITests-checkManifestLockResult.txt",
			);
			runOnlyForDeploymentPostprocessing = 0;
			shellPath = /bin/sh;
			shellScript = "diff \"${PODS_PODFILE_DIR_PATH}/Podfile.lock\" \"${PODS_ROOT}/Manifest.lock\" > /dev/null\nif [ $? != 0 ] ; then\n    # print error to STDERR\n    echo \"error: The sandbox is not in sync with the Podfile.lock. Run 'pod install' or update your CocoaPods installation.\" >&2\n    exit 1\nfi\n# This output is used by Xcode 'outputs' to avoid re-running this script phase.\necho \"SUCCESS\" > \"${SCRIPT_OUTPUT_FILE_0}\"\n";
			showEnvVarsInLog = 0;
		};
		2CA6A2FA811EA66474914587 /* [CP] Check Pods Manifest.lock */ = {
			isa = PBXShellScriptBuildPhase;
			buildActionMask = 2147483647;
			files = (
			);
			inputFileListPaths = (
			);
			inputPaths = (
				"${PODS_PODFILE_DIR_PATH}/Podfile.lock",
				"${PODS_ROOT}/Manifest.lock",
			);
			name = "[CP] Check Pods Manifest.lock";
			outputFileListPaths = (
			);
			outputPaths = (
				"$(DERIVED_FILE_DIR)/Pods-JSONConverter-checkManifestLockResult.txt",
			);
			runOnlyForDeploymentPostprocessing = 0;
			shellPath = /bin/sh;
			shellScript = "diff \"${PODS_PODFILE_DIR_PATH}/Podfile.lock\" \"${PODS_ROOT}/Manifest.lock\" > /dev/null\nif [ $? != 0 ] ; then\n    # print error to STDERR\n    echo \"error: The sandbox is not in sync with the Podfile.lock. Run 'pod install' or update your CocoaPods installation.\" >&2\n    exit 1\nfi\n# This output is used by Xcode 'outputs' to avoid re-running this script phase.\necho \"SUCCESS\" > \"${SCRIPT_OUTPUT_FILE_0}\"\n";
			showEnvVarsInLog = 0;
		};
		7B2E9EEE276104AB00151B99 /* ShellScript */ = {
			isa = PBXShellScriptBuildPhase;
			buildActionMask = 2147483647;
			files = (
			);
			inputFileListPaths = (
			);
			inputPaths = (
			);
			outputFileListPaths = (
			);
			outputPaths = (
			);
			runOnlyForDeploymentPostprocessing = 0;
			shellPath = /bin/sh;
			shellScript = "# Type a script or drag a script file from your workspace to insert its path.\n\"${PODS_ROOT}/SwiftLint/swiftlint\"\n";
		};
		DC4F461EF08D19C117C896CF /* [CP] Check Pods Manifest.lock */ = {
			isa = PBXShellScriptBuildPhase;
			buildActionMask = 2147483647;
			files = (
			);
			inputFileListPaths = (
			);
			inputPaths = (
				"${PODS_PODFILE_DIR_PATH}/Podfile.lock",
				"${PODS_ROOT}/Manifest.lock",
			);
			name = "[CP] Check Pods Manifest.lock";
			outputFileListPaths = (
			);
			outputPaths = (
				"$(DERIVED_FILE_DIR)/Pods-JSONConverterTests-checkManifestLockResult.txt",
			);
			runOnlyForDeploymentPostprocessing = 0;
			shellPath = /bin/sh;
			shellScript = "diff \"${PODS_PODFILE_DIR_PATH}/Podfile.lock\" \"${PODS_ROOT}/Manifest.lock\" > /dev/null\nif [ $? != 0 ] ; then\n    # print error to STDERR\n    echo \"error: The sandbox is not in sync with the Podfile.lock. Run 'pod install' or update your CocoaPods installation.\" >&2\n    exit 1\nfi\n# This output is used by Xcode 'outputs' to avoid re-running this script phase.\necho \"SUCCESS\" > \"${SCRIPT_OUTPUT_FILE_0}\"\n";
			showEnvVarsInLog = 0;
		};
/* End PBXShellScriptBuildPhase section */

/* Begin PBXSourcesBuildPhase section */
		7B4B5EA6201B87A10098712B /* Sources */ = {
			isa = PBXSourcesBuildPhase;
			buildActionMask = 2147483647;
			files = (
				8E68571D22850F4800DCDF2E /* Notification+Extension.swift in Sources */,
				8EE44C73276301FE0024D730 /* HandyJSONBuilder.swift in Sources */,
				7B45DB01202A95BF007E8D56 /* MainViewController.swift in Sources */,
				8EB0531424FCDABF00B96D79 /* NSColor+Extension.swift in Sources */,
				8E1B82992508ED6400E8CA95 /* NSLayoutConstraint+Extension.swift in Sources */,
				8E542C31251350080053C1E0 /* Export.swift in Sources */,
				8EC0797E268993D400000F68 /* Highlightr.swift in Sources */,
				8E2EE4132761A4F800FABCA0 /* SwiftyJSONBuilder.swift in Sources */,
				7B45DB00202A95BF007E8D56 /* MainWindowController.swift in Sources */,
				8E2A9D0224F9201F00F03DCB /* SettingViewController.swift in Sources */,
				8E1B82972508B22B00E8CA95 /* NSTextView+LineNumberRulerView.swift in Sources */,
				8E542C2F25130C160053C1E0 /* PanGestureIndicatorView.swift in Sources */,
				7B2E9EEB2760F3B000151B99 /* BuilderProtocol.swift in Sources */,
				7B45DB08202A95BF007E8D56 /* AppDelegate.swift in Sources */,
				7BD7FEDA202AC7C10003AE80 /* Content.swift in Sources */,
				8EC0797D268993D400000F68 /* CodeAttributedString.swift in Sources */,
				8E43D13A22E81E6D00F52C8E /* Version.swift in Sources */,
				7B45DB0F202AA572007E8D56 /* File.swift in Sources */,
				8E1945EA2508A3CE00E7CDCC /* Enums.swift in Sources */,
				8EC07982268993D400000F68 /* Shims.swift in Sources */,
				7B7D5AE424FA345C00A54D27 /* CacheManager.swift in Sources */,
				8EC07981268993D400000F68 /* Theme.swift in Sources */,
				7BD7FEDC202AC7EB0003AE80 /* Property.swift in Sources */,
				8E2EE4152761AF8800FABCA0 /* ObjectMapperBuilder.swift in Sources */,
				7B7D5AE224FA2B2700A54D27 /* StringUtils.swift in Sources */,
				8E43D13D22E8235A00F52C8E /* UpgradeViewController.swift in Sources */,
				7B45DB05202A95BF007E8D56 /* String+Extension.swift in Sources */,
				8E43D13722E7E85600F52C8E /* UpgradeUtils.swift in Sources */,
				7B7D5AE624FA520800A54D27 /* Date+Extension.swift in Sources */,
				7B2E9EF02761062D00151B99 /* SwiftBuilder.swift in Sources */,
				7B2E9EED2760FA3300151B99 /* ObjCBuilder.swift in Sources */,
				7B45DAFE202A95BF007E8D56 /* JSONProcesser.swift in Sources */,
				8EE44C752763024D0024D730 /* CodableBuilder.swift in Sources */,
				8E2EE4172761B1D600FABCA0 /* FlutterBuilder.swift in Sources */,
				8EC07980268993D400000F68 /* HTMLUtils.swift in Sources */,
				8EC3AAC2269E9EAD00CE0262 /* CustomBackgroundView.swift in Sources */,
			);
			runOnlyForDeploymentPostprocessing = 0;
		};
		7BDF296B202BDB7C00B7E2F5 /* Sources */ = {
			isa = PBXSourcesBuildPhase;
			buildActionMask = 2147483647;
			files = (
				7BDF2972202BDB7D00B7E2F5 /* JSONConverterUITests.swift in Sources */,
			);
			runOnlyForDeploymentPostprocessing = 0;
		};
		8ED4E10F2755B81F004A682A /* Sources */ = {
			isa = PBXSourcesBuildPhase;
			buildActionMask = 2147483647;
			files = (
				8ED4E1162755B81F004A682A /* JSONConverterTests.swift in Sources */,
			);
			runOnlyForDeploymentPostprocessing = 0;
		};
/* End PBXSourcesBuildPhase section */

/* Begin PBXTargetDependency section */
		7BDF2975202BDB7D00B7E2F5 /* PBXTargetDependency */ = {
			isa = PBXTargetDependency;
			target = 7B4B5EA9201B87A10098712B /* JSONConverter */;
			targetProxy = 7BDF2974202BDB7D00B7E2F5 /* PBXContainerItemProxy */;
		};
		8ED4E1192755B81F004A682A /* PBXTargetDependency */ = {
			isa = PBXTargetDependency;
			target = 7B4B5EA9201B87A10098712B /* JSONConverter */;
			targetProxy = 8ED4E1182755B81F004A682A /* PBXContainerItemProxy */;
		};
/* End PBXTargetDependency section */

/* Begin PBXVariantGroup section */
		7B45DAF7202A95BE007E8D56 /* MainMenu.xib */ = {
			isa = PBXVariantGroup;
			children = (
				7B45DAF8202A95BE007E8D56 /* Base */,
				7B95A31E24F95EA1000D141B /* zh-Hans */,
			);
			name = MainMenu.xib;
			sourceTree = "<group>";
		};
		7B95A32424F95F69000D141B /* Localizable.strings */ = {
			isa = PBXVariantGroup;
			children = (
				7B95A32324F95F69000D141B /* en */,
				7B95A32524F95F6E000D141B /* zh-Hans */,
			);
			name = Localizable.strings;
			sourceTree = "<group>";
		};
/* End PBXVariantGroup section */

/* Begin XCBuildConfiguration section */
		7B4B5EB6201B87A10098712B /* Debug */ = {
			isa = XCBuildConfiguration;
			buildSettings = {
				ALWAYS_SEARCH_USER_PATHS = NO;
				CLANG_ANALYZER_LOCALIZABILITY_NONLOCALIZED = YES;
				CLANG_ANALYZER_NONNULL = YES;
				CLANG_ANALYZER_NUMBER_OBJECT_CONVERSION = YES_AGGRESSIVE;
				CLANG_CXX_LANGUAGE_STANDARD = "gnu++14";
				CLANG_CXX_LIBRARY = "libc++";
				CLANG_ENABLE_MODULES = YES;
				CLANG_ENABLE_OBJC_ARC = YES;
				CLANG_WARN_BLOCK_CAPTURE_AUTORELEASING = YES;
				CLANG_WARN_BOOL_CONVERSION = YES;
				CLANG_WARN_COMMA = YES;
				CLANG_WARN_CONSTANT_CONVERSION = YES;
				CLANG_WARN_DEPRECATED_OBJC_IMPLEMENTATIONS = YES;
				CLANG_WARN_DIRECT_OBJC_ISA_USAGE = YES_ERROR;
				CLANG_WARN_DOCUMENTATION_COMMENTS = YES;
				CLANG_WARN_EMPTY_BODY = YES;
				CLANG_WARN_ENUM_CONVERSION = YES;
				CLANG_WARN_INFINITE_RECURSION = YES;
				CLANG_WARN_INT_CONVERSION = YES;
				CLANG_WARN_NON_LITERAL_NULL_CONVERSION = YES;
				CLANG_WARN_OBJC_IMPLICIT_RETAIN_SELF = YES;
				CLANG_WARN_OBJC_LITERAL_CONVERSION = YES;
				CLANG_WARN_OBJC_ROOT_CLASS = YES_ERROR;
				CLANG_WARN_QUOTED_INCLUDE_IN_FRAMEWORK_HEADER = YES;
				CLANG_WARN_RANGE_LOOP_ANALYSIS = YES;
				CLANG_WARN_STRICT_PROTOTYPES = YES;
				CLANG_WARN_SUSPICIOUS_MOVE = YES;
				CLANG_WARN_UNGUARDED_AVAILABILITY = YES_AGGRESSIVE;
				CLANG_WARN_UNREACHABLE_CODE = YES;
				CLANG_WARN__DUPLICATE_METHOD_MATCH = YES;
				CODE_SIGN_IDENTITY = "Mac Developer";
				COPY_PHASE_STRIP = NO;
				DEBUG_INFORMATION_FORMAT = dwarf;
				ENABLE_STRICT_OBJC_MSGSEND = YES;
				ENABLE_TESTABILITY = YES;
				GCC_C_LANGUAGE_STANDARD = gnu11;
				GCC_DYNAMIC_NO_PIC = NO;
				GCC_NO_COMMON_BLOCKS = YES;
				GCC_OPTIMIZATION_LEVEL = 0;
				GCC_PREPROCESSOR_DEFINITIONS = (
					"DEBUG=1",
					"$(inherited)",
				);
				GCC_WARN_64_TO_32_BIT_CONVERSION = YES;
				GCC_WARN_ABOUT_RETURN_TYPE = YES_ERROR;
				GCC_WARN_UNDECLARED_SELECTOR = YES;
				GCC_WARN_UNINITIALIZED_AUTOS = YES_AGGRESSIVE;
				GCC_WARN_UNUSED_FUNCTION = YES;
				GCC_WARN_UNUSED_VARIABLE = YES;
				MACOSX_DEPLOYMENT_TARGET = 10.13;
				MTL_ENABLE_DEBUG_INFO = YES;
				ONLY_ACTIVE_ARCH = YES;
				SDKROOT = macosx;
				SWIFT_ACTIVE_COMPILATION_CONDITIONS = DEBUG;
				SWIFT_OPTIMIZATION_LEVEL = "-Onone";
			};
			name = Debug;
		};
		7B4B5EB7201B87A10098712B /* Release */ = {
			isa = XCBuildConfiguration;
			buildSettings = {
				ALWAYS_SEARCH_USER_PATHS = NO;
				CLANG_ANALYZER_LOCALIZABILITY_NONLOCALIZED = YES;
				CLANG_ANALYZER_NONNULL = YES;
				CLANG_ANALYZER_NUMBER_OBJECT_CONVERSION = YES_AGGRESSIVE;
				CLANG_CXX_LANGUAGE_STANDARD = "gnu++14";
				CLANG_CXX_LIBRARY = "libc++";
				CLANG_ENABLE_MODULES = YES;
				CLANG_ENABLE_OBJC_ARC = YES;
				CLANG_WARN_BLOCK_CAPTURE_AUTORELEASING = YES;
				CLANG_WARN_BOOL_CONVERSION = YES;
				CLANG_WARN_COMMA = YES;
				CLANG_WARN_CONSTANT_CONVERSION = YES;
				CLANG_WARN_DEPRECATED_OBJC_IMPLEMENTATIONS = YES;
				CLANG_WARN_DIRECT_OBJC_ISA_USAGE = YES_ERROR;
				CLANG_WARN_DOCUMENTATION_COMMENTS = YES;
				CLANG_WARN_EMPTY_BODY = YES;
				CLANG_WARN_ENUM_CONVERSION = YES;
				CLANG_WARN_INFINITE_RECURSION = YES;
				CLANG_WARN_INT_CONVERSION = YES;
				CLANG_WARN_NON_LITERAL_NULL_CONVERSION = YES;
				CLANG_WARN_OBJC_IMPLICIT_RETAIN_SELF = YES;
				CLANG_WARN_OBJC_LITERAL_CONVERSION = YES;
				CLANG_WARN_OBJC_ROOT_CLASS = YES_ERROR;
				CLANG_WARN_QUOTED_INCLUDE_IN_FRAMEWORK_HEADER = YES;
				CLANG_WARN_RANGE_LOOP_ANALYSIS = YES;
				CLANG_WARN_STRICT_PROTOTYPES = YES;
				CLANG_WARN_SUSPICIOUS_MOVE = YES;
				CLANG_WARN_UNGUARDED_AVAILABILITY = YES_AGGRESSIVE;
				CLANG_WARN_UNREACHABLE_CODE = YES;
				CLANG_WARN__DUPLICATE_METHOD_MATCH = YES;
				CODE_SIGN_IDENTITY = "Mac Developer";
				COPY_PHASE_STRIP = NO;
				DEBUG_INFORMATION_FORMAT = "dwarf-with-dsym";
				ENABLE_NS_ASSERTIONS = NO;
				ENABLE_STRICT_OBJC_MSGSEND = YES;
				GCC_C_LANGUAGE_STANDARD = gnu11;
				GCC_NO_COMMON_BLOCKS = YES;
				GCC_WARN_64_TO_32_BIT_CONVERSION = YES;
				GCC_WARN_ABOUT_RETURN_TYPE = YES_ERROR;
				GCC_WARN_UNDECLARED_SELECTOR = YES;
				GCC_WARN_UNINITIALIZED_AUTOS = YES_AGGRESSIVE;
				GCC_WARN_UNUSED_FUNCTION = YES;
				GCC_WARN_UNUSED_VARIABLE = YES;
				MACOSX_DEPLOYMENT_TARGET = 10.13;
				MTL_ENABLE_DEBUG_INFO = NO;
				SDKROOT = macosx;
				SWIFT_OPTIMIZATION_LEVEL = "-Owholemodule";
			};
			name = Release;
		};
		7B4B5EB9201B87A10098712B /* Debug */ = {
			isa = XCBuildConfiguration;
			baseConfigurationReference = 534B6E6532347C4C75A6C372 /* Pods-JSONConverter.debug.xcconfig */;
			buildSettings = {
				ASSETCATALOG_COMPILER_APPICON_NAME = AppIcon;
				CLANG_ENABLE_MODULES = YES;
				CODE_SIGN_ENTITLEMENTS = JSONConverter/JSONConverter.entitlements;
				CODE_SIGN_IDENTITY = "-";
				CODE_SIGN_STYLE = Automatic;
				COMBINE_HIDPI_IMAGES = YES;
				DEVELOPMENT_TEAM = "";
				ENABLE_HARDENED_RUNTIME = YES;
				INFOPLIST_FILE = JSONConverter/Info.plist;
				LD_RUNPATH_SEARCH_PATHS = "$(inherited) @executable_path/../Frameworks";
				MACOSX_DEPLOYMENT_TARGET = 10.15;
				MARKETING_VERSION = 2.0.7;
				PRODUCT_BUNDLE_IDENTIFIER = com.devyao.JSONConverter;
				PRODUCT_NAME = "$(TARGET_NAME)";
				PROVISIONING_PROFILE_SPECIFIER = "";
				SWIFT_OBJC_BRIDGING_HEADER = "JSONConverter/JSONConverter-Bridging-Header.h";
				SWIFT_OPTIMIZATION_LEVEL = "-Onone";
				SWIFT_VERSION = 5.0;
			};
			name = Debug;
		};
		7B4B5EBA201B87A10098712B /* Release */ = {
			isa = XCBuildConfiguration;
			baseConfigurationReference = 05AB8A8E6D68BAB20085C224 /* Pods-JSONConverter.release.xcconfig */;
			buildSettings = {
				ASSETCATALOG_COMPILER_APPICON_NAME = AppIcon;
				CLANG_ENABLE_MODULES = YES;
				CODE_SIGN_ENTITLEMENTS = JSONConverter/JSONConverter.entitlements;
				CODE_SIGN_IDENTITY = "Apple Development";
				CODE_SIGN_STYLE = Automatic;
				COMBINE_HIDPI_IMAGES = YES;
				DEVELOPMENT_TEAM = 7DDW7FQJ8R;
				ENABLE_HARDENED_RUNTIME = YES;
				INFOPLIST_FILE = JSONConverter/Info.plist;
				LD_RUNPATH_SEARCH_PATHS = "$(inherited) @executable_path/../Frameworks";
				MACOSX_DEPLOYMENT_TARGET = 10.15;
				MARKETING_VERSION = 2.0.7;
				PRODUCT_BUNDLE_IDENTIFIER = com.devyaochen.JSONConverter;
				PRODUCT_NAME = "$(TARGET_NAME)";
				PROVISIONING_PROFILE_SPECIFIER = "";
				SWIFT_OBJC_BRIDGING_HEADER = "JSONConverter/JSONConverter-Bridging-Header.h";
				SWIFT_VERSION = 5.0;
			};
			name = Release;
		};
		7BDF2976202BDB7D00B7E2F5 /* Debug */ = {
			isa = XCBuildConfiguration;
			baseConfigurationReference = 284ACF227ADB7DDD725B0195 /* Pods-JSONConverter-JSONConverterUITests.debug.xcconfig */;
			buildSettings = {
				CODE_SIGN_IDENTITY = "-";
				CODE_SIGN_STYLE = Automatic;
				COMBINE_HIDPI_IMAGES = YES;
				INFOPLIST_FILE = JSONConverterUITests/Info.plist;
				LD_RUNPATH_SEARCH_PATHS = "$(inherited) @executable_path/../Frameworks @loader_path/../Frameworks";
				PRODUCT_BUNDLE_IDENTIFIER = com.tanmo.JSONConverterUITests;
				PRODUCT_NAME = "$(TARGET_NAME)";
				SWIFT_VERSION = 5.0;
				TEST_TARGET_NAME = JSONConverter;
			};
			name = Debug;
		};
		7BDF2977202BDB7D00B7E2F5 /* Release */ = {
			isa = XCBuildConfiguration;
			baseConfigurationReference = 7812C44FB05AF4F67F19D831 /* Pods-JSONConverter-JSONConverterUITests.release.xcconfig */;
			buildSettings = {
				CODE_SIGN_IDENTITY = "-";
				CODE_SIGN_STYLE = Automatic;
				COMBINE_HIDPI_IMAGES = YES;
				INFOPLIST_FILE = JSONConverterUITests/Info.plist;
				LD_RUNPATH_SEARCH_PATHS = "$(inherited) @executable_path/../Frameworks @loader_path/../Frameworks";
				PRODUCT_BUNDLE_IDENTIFIER = com.tanmo.JSONConverterUITests;
				PRODUCT_NAME = "$(TARGET_NAME)";
				SWIFT_VERSION = 5.0;
				TEST_TARGET_NAME = JSONConverter;
			};
			name = Release;
		};
		8ED4E11A2755B81F004A682A /* Debug */ = {
			isa = XCBuildConfiguration;
			baseConfigurationReference = A5616FC0D45A20ACDD4996AD /* Pods-JSONConverterTests.debug.xcconfig */;
			buildSettings = {
				BUNDLE_LOADER = "$(TEST_HOST)";
				CLANG_ENABLE_OBJC_WEAK = YES;
				CODE_SIGN_STYLE = Automatic;
				COMBINE_HIDPI_IMAGES = YES;
				DEVELOPMENT_TEAM = WYH624WR9E;
				INFOPLIST_FILE = JSONConverterTests/Info.plist;
				LD_RUNPATH_SEARCH_PATHS = "$(inherited) @executable_path/../Frameworks @loader_path/../Frameworks";
				MACOSX_DEPLOYMENT_TARGET = 11.3;
				MTL_ENABLE_DEBUG_INFO = INCLUDE_SOURCE;
				MTL_FAST_MATH = YES;
				PRODUCT_BUNDLE_IDENTIFIER = com.bosma.JSONConverterTests;
				PRODUCT_NAME = "$(TARGET_NAME)";
				SWIFT_VERSION = 5.0;
				TEST_HOST = "$(BUILT_PRODUCTS_DIR)/JSONConverter.app/Contents/MacOS/JSONConverter";
			};
			name = Debug;
		};
		8ED4E11B2755B81F004A682A /* Release */ = {
			isa = XCBuildConfiguration;
			baseConfigurationReference = AF634CD0F54405DD58FAB7E4 /* Pods-JSONConverterTests.release.xcconfig */;
			buildSettings = {
				BUNDLE_LOADER = "$(TEST_HOST)";
				CLANG_ENABLE_OBJC_WEAK = YES;
				CODE_SIGN_STYLE = Automatic;
				COMBINE_HIDPI_IMAGES = YES;
				DEVELOPMENT_TEAM = WYH624WR9E;
				INFOPLIST_FILE = JSONConverterTests/Info.plist;
				LD_RUNPATH_SEARCH_PATHS = "$(inherited) @executable_path/../Frameworks @loader_path/../Frameworks";
				MACOSX_DEPLOYMENT_TARGET = 11.3;
				MTL_FAST_MATH = YES;
				PRODUCT_BUNDLE_IDENTIFIER = com.bosma.JSONConverterTests;
				PRODUCT_NAME = "$(TARGET_NAME)";
				SWIFT_VERSION = 5.0;
				TEST_HOST = "$(BUILT_PRODUCTS_DIR)/JSONConverter.app/Contents/MacOS/JSONConverter";
			};
			name = Release;
		};
/* End XCBuildConfiguration section */

/* Begin XCConfigurationList section */
		7B4B5EA5201B87A10098712B /* Build configuration list for PBXProject "JSONConverter" */ = {
			isa = XCConfigurationList;
			buildConfigurations = (
				7B4B5EB6201B87A10098712B /* Debug */,
				7B4B5EB7201B87A10098712B /* Release */,
			);
			defaultConfigurationIsVisible = 0;
			defaultConfigurationName = Release;
		};
		7B4B5EB8201B87A10098712B /* Build configuration list for PBXNativeTarget "JSONConverter" */ = {
			isa = XCConfigurationList;
			buildConfigurations = (
				7B4B5EB9201B87A10098712B /* Debug */,
				7B4B5EBA201B87A10098712B /* Release */,
			);
			defaultConfigurationIsVisible = 0;
			defaultConfigurationName = Release;
		};
		7BDF2978202BDB7D00B7E2F5 /* Build configuration list for PBXNativeTarget "JSONConverterUITests" */ = {
			isa = XCConfigurationList;
			buildConfigurations = (
				7BDF2976202BDB7D00B7E2F5 /* Debug */,
				7BDF2977202BDB7D00B7E2F5 /* Release */,
			);
			defaultConfigurationIsVisible = 0;
			defaultConfigurationName = Release;
		};
		8ED4E11C2755B81F004A682A /* Build configuration list for PBXNativeTarget "JSONConverterTests" */ = {
			isa = XCConfigurationList;
			buildConfigurations = (
				8ED4E11A2755B81F004A682A /* Debug */,
				8ED4E11B2755B81F004A682A /* Release */,
			);
			defaultConfigurationIsVisible = 0;
			defaultConfigurationName = Release;
		};
/* End XCConfigurationList section */
	};
	rootObject = 7B4B5EA2201B87A10098712B /* Project object */;
}
